
Microsoft Visual Studio Solution File, Format Version 12.00
# Visual Studio Version 17
VisualStudioVersion = 17.6.33829.357
MinimumVisualStudioVersion = 10.0.40219.1
Project("{9A19103F-16F7-4668-BE54-9A1E7A4F7556}") = "USGSHydroToolboxDS", "USGSHydroToolboxDS.csproj", "{EA8971FF-2E6A-48DD-93B2-5E94444B47A5}"
EndProject
Project("{778DAE3C-4631-46EA-AA77-85C1314464D9}") = "atcBasinsObsWQ-DS", "..\atcBasinsObsWQ\atcBasinsObsWQ-DS.vbproj", "{3A3C324F-3B7F-4DB0-8672-5046336C5F81}"
EndProject
Project("{778DAE3C-4631-46EA-AA77-85C1314464D9}") = "atcBatchProcessing-DS", "..\atcBatchProcessing\atcBatchProcessing-DS.vbproj", "{0904904D-FFB6-4651-A8CD-8B39BC395770}"
EndProject
Project("{778DAE3C-4631-46EA-AA77-85C1314464D9}") = "atcControls-DS", "..\atcControls\atcControls-DS.vbproj", "{049D256E-4A82-4655-AE2F-0B6DD446B06A}"
EndProject
Project("{778DAE3C-4631-46EA-AA77-85C1314464D9}") = "atcD4EMLauncher-DS", "..\atcD4EMLauncher\atcD4EMLauncher-DS.vbproj", "{D3DEF9FF-4560-4D13-B1AB-C28A96A656A8}"
EndProject
Project("{778DAE3C-4631-46EA-AA77-85C1314464D9}") = "atcData-DS", "..\atcData\atcData-DS.vbproj", "{66935756-5E61-4687-982A-6FC3E695FFC7}"
EndProject
Project("{778DAE3C-4631-46EA-AA77-85C1314464D9}") = "atcDataTree-DS", "..\atcDataTree\atcDataTree-DS.vbproj", "{94A14AE9-878E-4EF7-8C72-EA83CC4C1D9F}"
EndProject
Project("{778DAE3C-4631-46EA-AA77-85C1314464D9}") = "atcDurationCompare-DS", "..\atcDurationCompare\atcDurationCompare-DS.vbproj", "{CAFB95CE-B7DD-465E-BEFF-DEEC42EA9500}"
EndProject
Project("{778DAE3C-4631-46EA-AA77-85C1314464D9}") = "atcEvents-DS", "..\atcEvents\atcEvents-DS.vbproj", "{CA6B91DE-DF6C-43F5-A61C-0A48D4428EB8}"
EndProject
Project("{778DAE3C-4631-46EA-AA77-85C1314464D9}") = "atcUtility-DS", "..\atcUtility\atcUtility-DS.vbproj", "{FF2D26C8-7CFB-4500-B634-0BF4B9E1A7CC}"
EndProject
Project("{778DAE3C-4631-46EA-AA77-85C1314464D9}") = "MapWinUtility-DS", "..\MapWinUtility\MapWinUtility-DS.vbproj", "{143B4CA8-CA57-450B-88B4-702F249E6472}"
EndProject
Project("{778DAE3C-4631-46EA-AA77-85C1314464D9}") = "atcGisUtilities-DS", "..\atcGisUtilities\atcGisUtilities-DS.vbproj", "{6822A2B3-9BC8-4E61-88AB-973CF1B380AD}"
EndProject
Project("{778DAE3C-4631-46EA-AA77-85C1314464D9}") = "atcGraph-DS", "..\atcGraphExperimental\atcGraph-DS.vbproj", "{72A715EE-66FF-4782-B8D4-745173A60FD4}"
EndProject
Project("{778DAE3C-4631-46EA-AA77-85C1314464D9}") = "atcIDF-DS", "..\atcIntegratedDesignFlow\atcIDF-DS.vbproj", "{8184195B-828D-4B54-9CF4-162D80CD522F}"
EndProject
Project("{778DAE3C-4631-46EA-AA77-85C1314464D9}") = "atcList-DS", "..\atcList\atcList-DS.vbproj", "{66B1D731-47EE-48E8-91D1-EC11F9C163F5}"
EndProject
Project("{778DAE3C-4631-46EA-AA77-85C1314464D9}") = "atcMetCmp-DS", "..\atcMetCmp\atcMetCmp-DS.vbproj", "{CF7F1FEF-F75D-4AF4-8C33-D1C819321E60}"
EndProject
Project("{778DAE3C-4631-46EA-AA77-85C1314464D9}") = "atcMwGisUtility-DS", "..\atcMwGisUtility\atcMwGisUtility-DS.vbproj", "{D4B34C85-C04A-4A2D-AAB5-75DDC5EDE03F}"
EndProject
Project("{778DAE3C-4631-46EA-AA77-85C1314464D9}") = "atcProjector-DS", "..\atcProjector\atcProjector-DS.vbproj", "{9F94D1E4-3BD1-46EA-BFB4-3D2A9CA07DEB}"
EndProject
Project("{778DAE3C-4631-46EA-AA77-85C1314464D9}") = "atcSeasonalAttributes-DS", "..\atcSeasonalAttributes\atcSeasonalAttributes-DS.vbproj", "{1F342341-F9EF-4F1A-9F2F-9F1C5A3FADE1}"
EndProject
Project("{778DAE3C-4631-46EA-AA77-85C1314464D9}") = "atcSeasons-DS", "..\atcSeasons\atcSeasons-DS.vbproj", "{792BE8AD-DF96-43B0-B929-928A5B948B7F}"
EndProject
Project("{778DAE3C-4631-46EA-AA77-85C1314464D9}") = "atcSynopticAnalysis-DS", "..\atcSynopticAnalysis\atcSynopticAnalysis-DS.vbproj", "{50900CCE-37BD-4FBD-81F9-12646F84C94C}"
EndProject
Project("{778DAE3C-4631-46EA-AA77-85C1314464D9}") = "atcTimeseriesBaseflow-DS", "..\atcTimeseriesBaseflow\atcTimeseriesBaseflow-DS.vbproj", "{5C605677-3615-4853-B090-08B27A819248}"
EndProject
Project("{778DAE3C-4631-46EA-AA77-85C1314464D9}") = "atcTimeseriesMath-DS", "..\atcTimeseriesMath\atcTimeseriesMath-DS.vbproj", "{F0C08889-15AB-42DB-A224-40C1B530A814}"
EndProject
Project("{778DAE3C-4631-46EA-AA77-85C1314464D9}") = "atcTimeseriesNdayHighLow-DS", "..\atcTimeseriesNdayHighLow\atcTimeseriesNdayHighLow-DS.vbproj", "{9697BE59-9CEC-44EA-B537-804C6CDDDC6F}"
EndProject
Project("{778DAE3C-4631-46EA-AA77-85C1314464D9}") = "atcTimeseriesRDB-DS", "..\atcTimeseriesRDB\atcTimeseriesRDB-DS.vbproj", "{ACA6A82A-ABA9-45D6-BD0F-283C5ACB0672}"
EndProject
Project("{778DAE3C-4631-46EA-AA77-85C1314464D9}") = "atcTimeseriesScript-DS", "..\atcTimeseriesScript\atcTimeseriesScript-DS.vbproj", "{5887B53F-C41B-43A6-AAA3-FF7F5F4DD1C2}"
EndProject
Project("{778DAE3C-4631-46EA-AA77-85C1314464D9}") = "atcTimeseriesStatistics-DS", "..\atcTimeseriesStatistics\atcTimeseriesStatistics-DS.vbproj", "{D459CEC9-1CA3-4D4D-8C06-AF33FDC31888}"
EndProject
Project("{778DAE3C-4631-46EA-AA77-85C1314464D9}") = "atcUSGSBaseflow-DS", "..\atcUSGSBaseflow\atcUSGSBaseflow-DS.vbproj", "{3B14088E-B072-4CB7-801F-C64492594BEE}"
EndProject
Project("{778DAE3C-4631-46EA-AA77-85C1314464D9}") = "atcUSGSRecess-DS", "..\atcUSGSRecess\atcUSGSRecess-DS.vbproj", "{9E5F97E6-578E-4306-97BC-132CD00EF6D0}"
EndProject
Project("{778DAE3C-4631-46EA-AA77-85C1314464D9}") = "atcUSGSDF2P-DS", "..\atcUSGSDF2P\atcUSGSDF2P-DS.vbproj", "{A9402455-3D7D-43B6-B51D-970B0EAF8872}"
EndProject
Project("{778DAE3C-4631-46EA-AA77-85C1314464D9}") = "atcUSGSRora-DS", "..\atcUSGSRora\atcUSGSRora-DS.vbproj", "{59AF4B23-D61A-4BCB-B061-C2F0524F3C19}"
EndProject
Project("{778DAE3C-4631-46EA-AA77-85C1314464D9}") = "D4EMDownloadData-DS", "..\D4EMDownloadData\D4EMDownloadData-DS.vbproj", "{A9BF5809-242E-4BD2-9310-6FA89846AF94}"
EndProject
Project("{778DAE3C-4631-46EA-AA77-85C1314464D9}") = "ToolboxMWPlugin-DS", "..\BASINS\ToolboxMWPlugin-DS.vbproj", "{4DCD8D36-AB04-4C38-9180-55AC352D2FE1}"
EndProject
Global
	GlobalSection(SolutionConfigurationPlatforms) = preSolution
		Debug|Any CPU = Debug|Any CPU
		Debug|x64 = Debug|x64
		Debug|x86 = Debug|x86
		Release|Any CPU = Release|Any CPU
		Release|x64 = Release|x64
		Release|x86 = Release|x86
	EndGlobalSection
	GlobalSection(ProjectConfigurationPlatforms) = postSolution
		{EA8971FF-2E6A-48DD-93B2-5E94444B47A5}.Debug|Any CPU.ActiveCfg = Debug|Any CPU
		{EA8971FF-2E6A-48DD-93B2-5E94444B47A5}.Debug|Any CPU.Build.0 = Debug|Any CPU
		{EA8971FF-2E6A-48DD-93B2-5E94444B47A5}.Debug|x64.ActiveCfg = Debug|Any CPU
		{EA8971FF-2E6A-48DD-93B2-5E94444B47A5}.Debug|x64.Build.0 = Debug|Any CPU
		{EA8971FF-2E6A-48DD-93B2-5E94444B47A5}.Debug|x86.ActiveCfg = Debug|Any CPU
		{EA8971FF-2E6A-48DD-93B2-5E94444B47A5}.Debug|x86.Build.0 = Debug|Any CPU
		{EA8971FF-2E6A-48DD-93B2-5E94444B47A5}.Release|Any CPU.ActiveCfg = Release|Any CPU
		{EA8971FF-2E6A-48DD-93B2-5E94444B47A5}.Release|Any CPU.Build.0 = Release|Any CPU
		{EA8971FF-2E6A-48DD-93B2-5E94444B47A5}.Release|x64.ActiveCfg = Release|Any CPU
		{EA8971FF-2E6A-48DD-93B2-5E94444B47A5}.Release|x64.Build.0 = Release|Any CPU
		{EA8971FF-2E6A-48DD-93B2-5E94444B47A5}.Release|x86.ActiveCfg = Release|Any CPU
		{EA8971FF-2E6A-48DD-93B2-5E94444B47A5}.Release|x86.Build.0 = Release|Any CPU
		{3A3C324F-3B7F-4DB0-8672-5046336C5F81}.Debug|Any CPU.ActiveCfg = Debug|Any CPU
		{3A3C324F-3B7F-4DB0-8672-5046336C5F81}.Debug|Any CPU.Build.0 = Debug|Any CPU
		{3A3C324F-3B7F-4DB0-8672-5046336C5F81}.Debug|x64.ActiveCfg = Debug|Any CPU
		{3A3C324F-3B7F-4DB0-8672-5046336C5F81}.Debug|x64.Build.0 = Debug|Any CPU
		{3A3C324F-3B7F-4DB0-8672-5046336C5F81}.Debug|x86.ActiveCfg = Debug|Any CPU
		{3A3C324F-3B7F-4DB0-8672-5046336C5F81}.Debug|x86.Build.0 = Debug|Any CPU
		{3A3C324F-3B7F-4DB0-8672-5046336C5F81}.Release|Any CPU.ActiveCfg = Release|Any CPU
		{3A3C324F-3B7F-4DB0-8672-5046336C5F81}.Release|Any CPU.Build.0 = Release|Any CPU
		{3A3C324F-3B7F-4DB0-8672-5046336C5F81}.Release|x64.ActiveCfg = Release|Any CPU
		{3A3C324F-3B7F-4DB0-8672-5046336C5F81}.Release|x64.Build.0 = Release|Any CPU
		{3A3C324F-3B7F-4DB0-8672-5046336C5F81}.Release|x86.ActiveCfg = Release|Any CPU
		{3A3C324F-3B7F-4DB0-8672-5046336C5F81}.Release|x86.Build.0 = Release|Any CPU
		{0904904D-FFB6-4651-A8CD-8B39BC395770}.Debug|Any CPU.ActiveCfg = Debug|Any CPU
		{0904904D-FFB6-4651-A8CD-8B39BC395770}.Debug|Any CPU.Build.0 = Debug|Any CPU
		{0904904D-FFB6-4651-A8CD-8B39BC395770}.Debug|x64.ActiveCfg = Debug|Any CPU
		{0904904D-FFB6-4651-A8CD-8B39BC395770}.Debug|x64.Build.0 = Debug|Any CPU
		{0904904D-FFB6-4651-A8CD-8B39BC395770}.Debug|x86.ActiveCfg = Debug|Any CPU
		{0904904D-FFB6-4651-A8CD-8B39BC395770}.Debug|x86.Build.0 = Debug|Any CPU
		{0904904D-FFB6-4651-A8CD-8B39BC395770}.Release|Any CPU.ActiveCfg = Release|Any CPU
		{0904904D-FFB6-4651-A8CD-8B39BC395770}.Release|Any CPU.Build.0 = Release|Any CPU
		{0904904D-FFB6-4651-A8CD-8B39BC395770}.Release|x64.ActiveCfg = Release|Any CPU
		{0904904D-FFB6-4651-A8CD-8B39BC395770}.Release|x64.Build.0 = Release|Any CPU
		{0904904D-FFB6-4651-A8CD-8B39BC395770}.Release|x86.ActiveCfg = Release|Any CPU
		{0904904D-FFB6-4651-A8CD-8B39BC395770}.Release|x86.Build.0 = Release|Any CPU
		{049D256E-4A82-4655-AE2F-0B6DD446B06A}.Debug|Any CPU.ActiveCfg = Debug|Any CPU
		{049D256E-4A82-4655-AE2F-0B6DD446B06A}.Debug|Any CPU.Build.0 = Debug|Any CPU
		{049D256E-4A82-4655-AE2F-0B6DD446B06A}.Debug|x64.ActiveCfg = Debug|Any CPU
		{049D256E-4A82-4655-AE2F-0B6DD446B06A}.Debug|x64.Build.0 = Debug|Any CPU
		{049D256E-4A82-4655-AE2F-0B6DD446B06A}.Debug|x86.ActiveCfg = Debug|Any CPU
		{049D256E-4A82-4655-AE2F-0B6DD446B06A}.Debug|x86.Build.0 = Debug|Any CPU
		{049D256E-4A82-4655-AE2F-0B6DD446B06A}.Release|Any CPU.ActiveCfg = Release|Any CPU
		{049D256E-4A82-4655-AE2F-0B6DD446B06A}.Release|Any CPU.Build.0 = Release|Any CPU
		{049D256E-4A82-4655-AE2F-0B6DD446B06A}.Release|x64.ActiveCfg = Release|Any CPU
		{049D256E-4A82-4655-AE2F-0B6DD446B06A}.Release|x64.Build.0 = Release|Any CPU
		{049D256E-4A82-4655-AE2F-0B6DD446B06A}.Release|x86.ActiveCfg = Release|Any CPU
		{049D256E-4A82-4655-AE2F-0B6DD446B06A}.Release|x86.Build.0 = Release|Any CPU
		{D3DEF9FF-4560-4D13-B1AB-C28A96A656A8}.Debug|Any CPU.ActiveCfg = Debug|Any CPU
		{D3DEF9FF-4560-4D13-B1AB-C28A96A656A8}.Debug|Any CPU.Build.0 = Debug|Any CPU
		{D3DEF9FF-4560-4D13-B1AB-C28A96A656A8}.Debug|x64.ActiveCfg = Debug|Any CPU
		{D3DEF9FF-4560-4D13-B1AB-C28A96A656A8}.Debug|x64.Build.0 = Debug|Any CPU
		{D3DEF9FF-4560-4D13-B1AB-C28A96A656A8}.Debug|x86.ActiveCfg = Debug|Any CPU
		{D3DEF9FF-4560-4D13-B1AB-C28A96A656A8}.Debug|x86.Build.0 = Debug|Any CPU
		{D3DEF9FF-4560-4D13-B1AB-C28A96A656A8}.Release|Any CPU.ActiveCfg = Release|Any CPU
		{D3DEF9FF-4560-4D13-B1AB-C28A96A656A8}.Release|Any CPU.Build.0 = Release|Any CPU
		{D3DEF9FF-4560-4D13-B1AB-C28A96A656A8}.Release|x64.ActiveCfg = Release|Any CPU
		{D3DEF9FF-4560-4D13-B1AB-C28A96A656A8}.Release|x64.Build.0 = Release|Any CPU
		{D3DEF9FF-4560-4D13-B1AB-C28A96A656A8}.Release|x86.ActiveCfg = Release|Any CPU
		{D3DEF9FF-4560-4D13-B1AB-C28A96A656A8}.Release|x86.Build.0 = Release|Any CPU
		{66935756-5E61-4687-982A-6FC3E695FFC7}.Debug|Any CPU.ActiveCfg = Debug|Any CPU
		{66935756-5E61-4687-982A-6FC3E695FFC7}.Debug|Any CPU.Build.0 = Debug|Any CPU
		{66935756-5E61-4687-982A-6FC3E695FFC7}.Debug|x64.ActiveCfg = Debug|Any CPU
		{66935756-5E61-4687-982A-6FC3E695FFC7}.Debug|x64.Build.0 = Debug|Any CPU
		{66935756-5E61-4687-982A-6FC3E695FFC7}.Debug|x86.ActiveCfg = Debug|Any CPU
		{66935756-5E61-4687-982A-6FC3E695FFC7}.Debug|x86.Build.0 = Debug|Any CPU
		{66935756-5E61-4687-982A-6FC3E695FFC7}.Release|Any CPU.ActiveCfg = Release|Any CPU
		{66935756-5E61-4687-982A-6FC3E695FFC7}.Release|Any CPU.Build.0 = Release|Any CPU
		{66935756-5E61-4687-982A-6FC3E695FFC7}.Release|x64.ActiveCfg = Release|Any CPU
		{66935756-5E61-4687-982A-6FC3E695FFC7}.Release|x64.Build.0 = Release|Any CPU
		{66935756-5E61-4687-982A-6FC3E695FFC7}.Release|x86.ActiveCfg = Release|Any CPU
		{66935756-5E61-4687-982A-6FC3E695FFC7}.Release|x86.Build.0 = Release|Any CPU
		{94A14AE9-878E-4EF7-8C72-EA83CC4C1D9F}.Debug|Any CPU.ActiveCfg = Debug|Any CPU
		{94A14AE9-878E-4EF7-8C72-EA83CC4C1D9F}.Debug|Any CPU.Build.0 = Debug|Any CPU
		{94A14AE9-878E-4EF7-8C72-EA83CC4C1D9F}.Debug|x64.ActiveCfg = Debug|Any CPU
		{94A14AE9-878E-4EF7-8C72-EA83CC4C1D9F}.Debug|x64.Build.0 = Debug|Any CPU
		{94A14AE9-878E-4EF7-8C72-EA83CC4C1D9F}.Debug|x86.ActiveCfg = Debug|Any CPU
		{94A14AE9-878E-4EF7-8C72-EA83CC4C1D9F}.Debug|x86.Build.0 = Debug|Any CPU
		{94A14AE9-878E-4EF7-8C72-EA83CC4C1D9F}.Release|Any CPU.ActiveCfg = Release|Any CPU
		{94A14AE9-878E-4EF7-8C72-EA83CC4C1D9F}.Release|Any CPU.Build.0 = Release|Any CPU
		{94A14AE9-878E-4EF7-8C72-EA83CC4C1D9F}.Release|x64.ActiveCfg = Release|Any CPU
		{94A14AE9-878E-4EF7-8C72-EA83CC4C1D9F}.Release|x64.Build.0 = Release|Any CPU
		{94A14AE9-878E-4EF7-8C72-EA83CC4C1D9F}.Release|x86.ActiveCfg = Release|Any CPU
		{94A14AE9-878E-4EF7-8C72-EA83CC4C1D9F}.Release|x86.Build.0 = Release|Any CPU
		{CAFB95CE-B7DD-465E-BEFF-DEEC42EA9500}.Debug|Any CPU.ActiveCfg = Debug|Any CPU
		{CAFB95CE-B7DD-465E-BEFF-DEEC42EA9500}.Debug|Any CPU.Build.0 = Debug|Any CPU
		{CAFB95CE-B7DD-465E-BEFF-DEEC42EA9500}.Debug|x64.ActiveCfg = Debug|Any CPU
		{CAFB95CE-B7DD-465E-BEFF-DEEC42EA9500}.Debug|x64.Build.0 = Debug|Any CPU
		{CAFB95CE-B7DD-465E-BEFF-DEEC42EA9500}.Debug|x86.ActiveCfg = Debug|Any CPU
		{CAFB95CE-B7DD-465E-BEFF-DEEC42EA9500}.Debug|x86.Build.0 = Debug|Any CPU
		{CAFB95CE-B7DD-465E-BEFF-DEEC42EA9500}.Release|Any CPU.ActiveCfg = Release|Any CPU
		{CAFB95CE-B7DD-465E-BEFF-DEEC42EA9500}.Release|Any CPU.Build.0 = Release|Any CPU
		{CAFB95CE-B7DD-465E-BEFF-DEEC42EA9500}.Release|x64.ActiveCfg = Release|Any CPU
		{CAFB95CE-B7DD-465E-BEFF-DEEC42EA9500}.Release|x64.Build.0 = Release|Any CPU
		{CAFB95CE-B7DD-465E-BEFF-DEEC42EA9500}.Release|x86.ActiveCfg = Release|Any CPU
		{CAFB95CE-B7DD-465E-BEFF-DEEC42EA9500}.Release|x86.Build.0 = Release|Any CPU
		{CA6B91DE-DF6C-43F5-A61C-0A48D4428EB8}.Debug|Any CPU.ActiveCfg = Debug|Any CPU
		{CA6B91DE-DF6C-43F5-A61C-0A48D4428EB8}.Debug|Any CPU.Build.0 = Debug|Any CPU
		{CA6B91DE-DF6C-43F5-A61C-0A48D4428EB8}.Debug|x64.ActiveCfg = Debug|Any CPU
		{CA6B91DE-DF6C-43F5-A61C-0A48D4428EB8}.Debug|x64.Build.0 = Debug|Any CPU
		{CA6B91DE-DF6C-43F5-A61C-0A48D4428EB8}.Debug|x86.ActiveCfg = Debug|Any CPU
		{CA6B91DE-DF6C-43F5-A61C-0A48D4428EB8}.Debug|x86.Build.0 = Debug|Any CPU
		{CA6B91DE-DF6C-43F5-A61C-0A48D4428EB8}.Release|Any CPU.ActiveCfg = Release|Any CPU
		{CA6B91DE-DF6C-43F5-A61C-0A48D4428EB8}.Release|Any CPU.Build.0 = Release|Any CPU
		{CA6B91DE-DF6C-43F5-A61C-0A48D4428EB8}.Release|x64.ActiveCfg = Release|Any CPU
		{CA6B91DE-DF6C-43F5-A61C-0A48D4428EB8}.Release|x64.Build.0 = Release|Any CPU
		{CA6B91DE-DF6C-43F5-A61C-0A48D4428EB8}.Release|x86.ActiveCfg = Release|Any CPU
		{CA6B91DE-DF6C-43F5-A61C-0A48D4428EB8}.Release|x86.Build.0 = Release|Any CPU
		{FF2D26C8-7CFB-4500-B634-0BF4B9E1A7CC}.Debug|Any CPU.ActiveCfg = Debug|Any CPU
		{FF2D26C8-7CFB-4500-B634-0BF4B9E1A7CC}.Debug|Any CPU.Build.0 = Debug|Any CPU
		{FF2D26C8-7CFB-4500-B634-0BF4B9E1A7CC}.Debug|x64.ActiveCfg = Debug|Any CPU
		{FF2D26C8-7CFB-4500-B634-0BF4B9E1A7CC}.Debug|x64.Build.0 = Debug|Any CPU
		{FF2D26C8-7CFB-4500-B634-0BF4B9E1A7CC}.Debug|x86.ActiveCfg = Debug|Any CPU
		{FF2D26C8-7CFB-4500-B634-0BF4B9E1A7CC}.Debug|x86.Build.0 = Debug|Any CPU
		{FF2D26C8-7CFB-4500-B634-0BF4B9E1A7CC}.Release|Any CPU.ActiveCfg = Release|Any CPU
		{FF2D26C8-7CFB-4500-B634-0BF4B9E1A7CC}.Release|Any CPU.Build.0 = Release|Any CPU
		{FF2D26C8-7CFB-4500-B634-0BF4B9E1A7CC}.Release|x64.ActiveCfg = Release|Any CPU
		{FF2D26C8-7CFB-4500-B634-0BF4B9E1A7CC}.Release|x64.Build.0 = Release|Any CPU
		{FF2D26C8-7CFB-4500-B634-0BF4B9E1A7CC}.Release|x86.ActiveCfg = Release|Any CPU
		{FF2D26C8-7CFB-4500-B634-0BF4B9E1A7CC}.Release|x86.Build.0 = Release|Any CPU
		{143B4CA8-CA57-450B-88B4-702F249E6472}.Debug|Any CPU.ActiveCfg = Debug|Any CPU
		{143B4CA8-CA57-450B-88B4-702F249E6472}.Debug|Any CPU.Build.0 = Debug|Any CPU
		{143B4CA8-CA57-450B-88B4-702F249E6472}.Debug|x64.ActiveCfg = Debug|Any CPU
		{143B4CA8-CA57-450B-88B4-702F249E6472}.Debug|x64.Build.0 = Debug|Any CPU
		{143B4CA8-CA57-450B-88B4-702F249E6472}.Debug|x86.ActiveCfg = Debug|Any CPU
		{143B4CA8-CA57-450B-88B4-702F249E6472}.Debug|x86.Build.0 = Debug|Any CPU
		{143B4CA8-CA57-450B-88B4-702F249E6472}.Release|Any CPU.ActiveCfg = Release|Any CPU
		{143B4CA8-CA57-450B-88B4-702F249E6472}.Release|Any CPU.Build.0 = Release|Any CPU
		{143B4CA8-CA57-450B-88B4-702F249E6472}.Release|x64.ActiveCfg = Release|Any CPU
		{143B4CA8-CA57-450B-88B4-702F249E6472}.Release|x64.Build.0 = Release|Any CPU
		{143B4CA8-CA57-450B-88B4-702F249E6472}.Release|x86.ActiveCfg = Release|Any CPU
		{143B4CA8-CA57-450B-88B4-702F249E6472}.Release|x86.Build.0 = Release|Any CPU
		{6822A2B3-9BC8-4E61-88AB-973CF1B380AD}.Debug|Any CPU.ActiveCfg = Debug|Any CPU
		{6822A2B3-9BC8-4E61-88AB-973CF1B380AD}.Debug|Any CPU.Build.0 = Debug|Any CPU
		{6822A2B3-9BC8-4E61-88AB-973CF1B380AD}.Debug|x64.ActiveCfg = Debug|Any CPU
		{6822A2B3-9BC8-4E61-88AB-973CF1B380AD}.Debug|x64.Build.0 = Debug|Any CPU
		{6822A2B3-9BC8-4E61-88AB-973CF1B380AD}.Debug|x86.ActiveCfg = Debug|Any CPU
		{6822A2B3-9BC8-4E61-88AB-973CF1B380AD}.Debug|x86.Build.0 = Debug|Any CPU
		{6822A2B3-9BC8-4E61-88AB-973CF1B380AD}.Release|Any CPU.ActiveCfg = Release|Any CPU
		{6822A2B3-9BC8-4E61-88AB-973CF1B380AD}.Release|Any CPU.Build.0 = Release|Any CPU
		{6822A2B3-9BC8-4E61-88AB-973CF1B380AD}.Release|x64.ActiveCfg = Release|Any CPU
		{6822A2B3-9BC8-4E61-88AB-973CF1B380AD}.Release|x64.Build.0 = Release|Any CPU
		{6822A2B3-9BC8-4E61-88AB-973CF1B380AD}.Release|x86.ActiveCfg = Release|Any CPU
		{6822A2B3-9BC8-4E61-88AB-973CF1B380AD}.Release|x86.Build.0 = Release|Any CPU
		{72A715EE-66FF-4782-B8D4-745173A60FD4}.Debug|Any CPU.ActiveCfg = Debug|Any CPU
		{72A715EE-66FF-4782-B8D4-745173A60FD4}.Debug|Any CPU.Build.0 = Debug|Any CPU
		{72A715EE-66FF-4782-B8D4-745173A60FD4}.Debug|x64.ActiveCfg = Debug|Any CPU
		{72A715EE-66FF-4782-B8D4-745173A60FD4}.Debug|x64.Build.0 = Debug|Any CPU
		{72A715EE-66FF-4782-B8D4-745173A60FD4}.Debug|x86.ActiveCfg = Debug|Any CPU
		{72A715EE-66FF-4782-B8D4-745173A60FD4}.Debug|x86.Build.0 = Debug|Any CPU
		{72A715EE-66FF-4782-B8D4-745173A60FD4}.Release|Any CPU.ActiveCfg = Release|Any CPU
		{72A715EE-66FF-4782-B8D4-745173A60FD4}.Release|Any CPU.Build.0 = Release|Any CPU
		{72A715EE-66FF-4782-B8D4-745173A60FD4}.Release|x64.ActiveCfg = Release|Any CPU
		{72A715EE-66FF-4782-B8D4-745173A60FD4}.Release|x64.Build.0 = Release|Any CPU
		{72A715EE-66FF-4782-B8D4-745173A60FD4}.Release|x86.ActiveCfg = Release|Any CPU
		{72A715EE-66FF-4782-B8D4-745173A60FD4}.Release|x86.Build.0 = Release|Any CPU
		{8184195B-828D-4B54-9CF4-162D80CD522F}.Debug|Any CPU.ActiveCfg = Debug|Any CPU
		{8184195B-828D-4B54-9CF4-162D80CD522F}.Debug|Any CPU.Build.0 = Debug|Any CPU
		{8184195B-828D-4B54-9CF4-162D80CD522F}.Debug|x64.ActiveCfg = Debug|Any CPU
		{8184195B-828D-4B54-9CF4-162D80CD522F}.Debug|x64.Build.0 = Debug|Any CPU
		{8184195B-828D-4B54-9CF4-162D80CD522F}.Debug|x86.ActiveCfg = Debug|Any CPU
		{8184195B-828D-4B54-9CF4-162D80CD522F}.Debug|x86.Build.0 = Debug|Any CPU
		{8184195B-828D-4B54-9CF4-162D80CD522F}.Release|Any CPU.ActiveCfg = Release|Any CPU
		{8184195B-828D-4B54-9CF4-162D80CD522F}.Release|Any CPU.Build.0 = Release|Any CPU
		{8184195B-828D-4B54-9CF4-162D80CD522F}.Release|x64.ActiveCfg = Release|Any CPU
		{8184195B-828D-4B54-9CF4-162D80CD522F}.Release|x64.Build.0 = Release|Any CPU
		{8184195B-828D-4B54-9CF4-162D80CD522F}.Release|x86.ActiveCfg = Release|Any CPU
		{8184195B-828D-4B54-9CF4-162D80CD522F}.Release|x86.Build.0 = Release|Any CPU
		{66B1D731-47EE-48E8-91D1-EC11F9C163F5}.Debug|Any CPU.ActiveCfg = Debug|Any CPU
		{66B1D731-47EE-48E8-91D1-EC11F9C163F5}.Debug|Any CPU.Build.0 = Debug|Any CPU
		{66B1D731-47EE-48E8-91D1-EC11F9C163F5}.Debug|x64.ActiveCfg = Debug|Any CPU
		{66B1D731-47EE-48E8-91D1-EC11F9C163F5}.Debug|x64.Build.0 = Debug|Any CPU
		{66B1D731-47EE-48E8-91D1-EC11F9C163F5}.Debug|x86.ActiveCfg = Debug|Any CPU
		{66B1D731-47EE-48E8-91D1-EC11F9C163F5}.Debug|x86.Build.0 = Debug|Any CPU
		{66B1D731-47EE-48E8-91D1-EC11F9C163F5}.Release|Any CPU.ActiveCfg = Release|Any CPU
		{66B1D731-47EE-48E8-91D1-EC11F9C163F5}.Release|Any CPU.Build.0 = Release|Any CPU
		{66B1D731-47EE-48E8-91D1-EC11F9C163F5}.Release|x64.ActiveCfg = Release|Any CPU
		{66B1D731-47EE-48E8-91D1-EC11F9C163F5}.Release|x64.Build.0 = Release|Any CPU
		{66B1D731-47EE-48E8-91D1-EC11F9C163F5}.Release|x86.ActiveCfg = Release|Any CPU
		{66B1D731-47EE-48E8-91D1-EC11F9C163F5}.Release|x86.Build.0 = Release|Any CPU
		{CF7F1FEF-F75D-4AF4-8C33-D1C819321E60}.Debug|Any CPU.ActiveCfg = Debug|Any CPU
		{CF7F1FEF-F75D-4AF4-8C33-D1C819321E60}.Debug|Any CPU.Build.0 = Debug|Any CPU
		{CF7F1FEF-F75D-4AF4-8C33-D1C819321E60}.Debug|x64.ActiveCfg = Debug|Any CPU
		{CF7F1FEF-F75D-4AF4-8C33-D1C819321E60}.Debug|x64.Build.0 = Debug|Any CPU
		{CF7F1FEF-F75D-4AF4-8C33-D1C819321E60}.Debug|x86.ActiveCfg = Debug|Any CPU
		{CF7F1FEF-F75D-4AF4-8C33-D1C819321E60}.Debug|x86.Build.0 = Debug|Any CPU
		{CF7F1FEF-F75D-4AF4-8C33-D1C819321E60}.Release|Any CPU.ActiveCfg = Release|Any CPU
		{CF7F1FEF-F75D-4AF4-8C33-D1C819321E60}.Release|Any CPU.Build.0 = Release|Any CPU
		{CF7F1FEF-F75D-4AF4-8C33-D1C819321E60}.Release|x64.ActiveCfg = Release|Any CPU
		{CF7F1FEF-F75D-4AF4-8C33-D1C819321E60}.Release|x64.Build.0 = Release|Any CPU
		{CF7F1FEF-F75D-4AF4-8C33-D1C819321E60}.Release|x86.ActiveCfg = Release|Any CPU
		{CF7F1FEF-F75D-4AF4-8C33-D1C819321E60}.Release|x86.Build.0 = Release|Any CPU
		{D4B34C85-C04A-4A2D-AAB5-75DDC5EDE03F}.Debug|Any CPU.ActiveCfg = Debug|Any CPU
		{D4B34C85-C04A-4A2D-AAB5-75DDC5EDE03F}.Debug|Any CPU.Build.0 = Debug|Any CPU
		{D4B34C85-C04A-4A2D-AAB5-75DDC5EDE03F}.Debug|x64.ActiveCfg = Debug|Any CPU
		{D4B34C85-C04A-4A2D-AAB5-75DDC5EDE03F}.Debug|x64.Build.0 = Debug|Any CPU
		{D4B34C85-C04A-4A2D-AAB5-75DDC5EDE03F}.Debug|x86.ActiveCfg = Debug|Any CPU
		{D4B34C85-C04A-4A2D-AAB5-75DDC5EDE03F}.Debug|x86.Build.0 = Debug|Any CPU
		{D4B34C85-C04A-4A2D-AAB5-75DDC5EDE03F}.Release|Any CPU.ActiveCfg = Release|Any CPU
		{D4B34C85-C04A-4A2D-AAB5-75DDC5EDE03F}.Release|Any CPU.Build.0 = Release|Any CPU
		{D4B34C85-C04A-4A2D-AAB5-75DDC5EDE03F}.Release|x64.ActiveCfg = Release|Any CPU
		{D4B34C85-C04A-4A2D-AAB5-75DDC5EDE03F}.Release|x64.Build.0 = Release|Any CPU
		{D4B34C85-C04A-4A2D-AAB5-75DDC5EDE03F}.Release|x86.ActiveCfg = Release|Any CPU
		{D4B34C85-C04A-4A2D-AAB5-75DDC5EDE03F}.Release|x86.Build.0 = Release|Any CPU
		{9F94D1E4-3BD1-46EA-BFB4-3D2A9CA07DEB}.Debug|Any CPU.ActiveCfg = Debug|Any CPU
		{9F94D1E4-3BD1-46EA-BFB4-3D2A9CA07DEB}.Debug|Any CPU.Build.0 = Debug|Any CPU
		{9F94D1E4-3BD1-46EA-BFB4-3D2A9CA07DEB}.Debug|x64.ActiveCfg = Debug|Any CPU
		{9F94D1E4-3BD1-46EA-BFB4-3D2A9CA07DEB}.Debug|x64.Build.0 = Debug|Any CPU
		{9F94D1E4-3BD1-46EA-BFB4-3D2A9CA07DEB}.Debug|x86.ActiveCfg = Debug|Any CPU
		{9F94D1E4-3BD1-46EA-BFB4-3D2A9CA07DEB}.Debug|x86.Build.0 = Debug|Any CPU
		{9F94D1E4-3BD1-46EA-BFB4-3D2A9CA07DEB}.Release|Any CPU.ActiveCfg = Release|Any CPU
		{9F94D1E4-3BD1-46EA-BFB4-3D2A9CA07DEB}.Release|Any CPU.Build.0 = Release|Any CPU
		{9F94D1E4-3BD1-46EA-BFB4-3D2A9CA07DEB}.Release|x64.ActiveCfg = Release|Any CPU
		{9F94D1E4-3BD1-46EA-BFB4-3D2A9CA07DEB}.Release|x64.Build.0 = Release|Any CPU
		{9F94D1E4-3BD1-46EA-BFB4-3D2A9CA07DEB}.Release|x86.ActiveCfg = Release|Any CPU
		{9F94D1E4-3BD1-46EA-BFB4-3D2A9CA07DEB}.Release|x86.Build.0 = Release|Any CPU
		{1F342341-F9EF-4F1A-9F2F-9F1C5A3FADE1}.Debug|Any CPU.ActiveCfg = Debug|Any CPU
		{1F342341-F9EF-4F1A-9F2F-9F1C5A3FADE1}.Debug|Any CPU.Build.0 = Debug|Any CPU
		{1F342341-F9EF-4F1A-9F2F-9F1C5A3FADE1}.Debug|x64.ActiveCfg = Debug|Any CPU
		{1F342341-F9EF-4F1A-9F2F-9F1C5A3FADE1}.Debug|x64.Build.0 = Debug|Any CPU
		{1F342341-F9EF-4F1A-9F2F-9F1C5A3FADE1}.Debug|x86.ActiveCfg = Debug|Any CPU
		{1F342341-F9EF-4F1A-9F2F-9F1C5A3FADE1}.Debug|x86.Build.0 = Debug|Any CPU
		{1F342341-F9EF-4F1A-9F2F-9F1C5A3FADE1}.Release|Any CPU.ActiveCfg = Release|Any CPU
		{1F342341-F9EF-4F1A-9F2F-9F1C5A3FADE1}.Release|Any CPU.Build.0 = Release|Any CPU
		{1F342341-F9EF-4F1A-9F2F-9F1C5A3FADE1}.Release|x64.ActiveCfg = Release|Any CPU
		{1F342341-F9EF-4F1A-9F2F-9F1C5A3FADE1}.Release|x64.Build.0 = Release|Any CPU
		{1F342341-F9EF-4F1A-9F2F-9F1C5A3FADE1}.Release|x86.ActiveCfg = Release|Any CPU
		{1F342341-F9EF-4F1A-9F2F-9F1C5A3FADE1}.Release|x86.Build.0 = Release|Any CPU
		{792BE8AD-DF96-43B0-B929-928A5B948B7F}.Debug|Any CPU.ActiveCfg = Debug|Any CPU
		{792BE8AD-DF96-43B0-B929-928A5B948B7F}.Debug|Any CPU.Build.0 = Debug|Any CPU
		{792BE8AD-DF96-43B0-B929-928A5B948B7F}.Debug|x64.ActiveCfg = Debug|Any CPU
		{792BE8AD-DF96-43B0-B929-928A5B948B7F}.Debug|x64.Build.0 = Debug|Any CPU
		{792BE8AD-DF96-43B0-B929-928A5B948B7F}.Debug|x86.ActiveCfg = Debug|Any CPU
		{792BE8AD-DF96-43B0-B929-928A5B948B7F}.Debug|x86.Build.0 = Debug|Any CPU
		{792BE8AD-DF96-43B0-B929-928A5B948B7F}.Release|Any CPU.ActiveCfg = Release|Any CPU
		{792BE8AD-DF96-43B0-B929-928A5B948B7F}.Release|Any CPU.Build.0 = Release|Any CPU
		{792BE8AD-DF96-43B0-B929-928A5B948B7F}.Release|x64.ActiveCfg = Release|Any CPU
		{792BE8AD-DF96-43B0-B929-928A5B948B7F}.Release|x64.Build.0 = Release|Any CPU
		{792BE8AD-DF96-43B0-B929-928A5B948B7F}.Release|x86.ActiveCfg = Release|Any CPU
		{792BE8AD-DF96-43B0-B929-928A5B948B7F}.Release|x86.Build.0 = Release|Any CPU
		{50900CCE-37BD-4FBD-81F9-12646F84C94C}.Debug|Any CPU.ActiveCfg = Debug|Any CPU
		{50900CCE-37BD-4FBD-81F9-12646F84C94C}.Debug|Any CPU.Build.0 = Debug|Any CPU
		{50900CCE-37BD-4FBD-81F9-12646F84C94C}.Debug|x64.ActiveCfg = Debug|Any CPU
		{50900CCE-37BD-4FBD-81F9-12646F84C94C}.Debug|x64.Build.0 = Debug|Any CPU
		{50900CCE-37BD-4FBD-81F9-12646F84C94C}.Debug|x86.ActiveCfg = Debug|Any CPU
		{50900CCE-37BD-4FBD-81F9-12646F84C94C}.Debug|x86.Build.0 = Debug|Any CPU
		{50900CCE-37BD-4FBD-81F9-12646F84C94C}.Release|Any CPU.ActiveCfg = Release|Any CPU
		{50900CCE-37BD-4FBD-81F9-12646F84C94C}.Release|Any CPU.Build.0 = Release|Any CPU
		{50900CCE-37BD-4FBD-81F9-12646F84C94C}.Release|x64.ActiveCfg = Release|Any CPU
		{50900CCE-37BD-4FBD-81F9-12646F84C94C}.Release|x64.Build.0 = Release|Any CPU
		{50900CCE-37BD-4FBD-81F9-12646F84C94C}.Release|x86.ActiveCfg = Release|Any CPU
		{50900CCE-37BD-4FBD-81F9-12646F84C94C}.Release|x86.Build.0 = Release|Any CPU
		{5C605677-3615-4853-B090-08B27A819248}.Debug|Any CPU.ActiveCfg = Debug|Any CPU
		{5C605677-3615-4853-B090-08B27A819248}.Debug|Any CPU.Build.0 = Debug|Any CPU
		{5C605677-3615-4853-B090-08B27A819248}.Debug|x64.ActiveCfg = Debug|Any CPU
		{5C605677-3615-4853-B090-08B27A819248}.Debug|x64.Build.0 = Debug|Any CPU
		{5C605677-3615-4853-B090-08B27A819248}.Debug|x86.ActiveCfg = Debug|Any CPU
		{5C605677-3615-4853-B090-08B27A819248}.Debug|x86.Build.0 = Debug|Any CPU
		{5C605677-3615-4853-B090-08B27A819248}.Release|Any CPU.ActiveCfg = Release|Any CPU
		{5C605677-3615-4853-B090-08B27A819248}.Release|Any CPU.Build.0 = Release|Any CPU
		{5C605677-3615-4853-B090-08B27A819248}.Release|x64.ActiveCfg = Release|Any CPU
		{5C605677-3615-4853-B090-08B27A819248}.Release|x64.Build.0 = Release|Any CPU
		{5C605677-3615-4853-B090-08B27A819248}.Release|x86.ActiveCfg = Release|Any CPU
		{5C605677-3615-4853-B090-08B27A819248}.Release|x86.Build.0 = Release|Any CPU
		{F0C08889-15AB-42DB-A224-40C1B530A814}.Debug|Any CPU.ActiveCfg = Debug|Any CPU
		{F0C08889-15AB-42DB-A224-40C1B530A814}.Debug|Any CPU.Build.0 = Debug|Any CPU
		{F0C08889-15AB-42DB-A224-40C1B530A814}.Debug|x64.ActiveCfg = Debug|Any CPU
		{F0C08889-15AB-42DB-A224-40C1B530A814}.Debug|x64.Build.0 = Debug|Any CPU
		{F0C08889-15AB-42DB-A224-40C1B530A814}.Debug|x86.ActiveCfg = Debug|Any CPU
		{F0C08889-15AB-42DB-A224-40C1B530A814}.Debug|x86.Build.0 = Debug|Any CPU
		{F0C08889-15AB-42DB-A224-40C1B530A814}.Release|Any CPU.ActiveCfg = Release|Any CPU
		{F0C08889-15AB-42DB-A224-40C1B530A814}.Release|Any CPU.Build.0 = Release|Any CPU
		{F0C08889-15AB-42DB-A224-40C1B530A814}.Release|x64.ActiveCfg = Release|Any CPU
		{F0C08889-15AB-42DB-A224-40C1B530A814}.Release|x64.Build.0 = Release|Any CPU
		{F0C08889-15AB-42DB-A224-40C1B530A814}.Release|x86.ActiveCfg = Release|Any CPU
		{F0C08889-15AB-42DB-A224-40C1B530A814}.Release|x86.Build.0 = Release|Any CPU
		{9697BE59-9CEC-44EA-B537-804C6CDDDC6F}.Debug|Any CPU.ActiveCfg = Debug|Any CPU
		{9697BE59-9CEC-44EA-B537-804C6CDDDC6F}.Debug|Any CPU.Build.0 = Debug|Any CPU
		{9697BE59-9CEC-44EA-B537-804C6CDDDC6F}.Debug|x64.ActiveCfg = Debug|Any CPU
		{9697BE59-9CEC-44EA-B537-804C6CDDDC6F}.Debug|x64.Build.0 = Debug|Any CPU
		{9697BE59-9CEC-44EA-B537-804C6CDDDC6F}.Debug|x86.ActiveCfg = Debug|Any CPU
		{9697BE59-9CEC-44EA-B537-804C6CDDDC6F}.Debug|x86.Build.0 = Debug|Any CPU
		{9697BE59-9CEC-44EA-B537-804C6CDDDC6F}.Release|Any CPU.ActiveCfg = Release|Any CPU
		{9697BE59-9CEC-44EA-B537-804C6CDDDC6F}.Release|Any CPU.Build.0 = Release|Any CPU
		{9697BE59-9CEC-44EA-B537-804C6CDDDC6F}.Release|x64.ActiveCfg = Release|Any CPU
		{9697BE59-9CEC-44EA-B537-804C6CDDDC6F}.Release|x64.Build.0 = Release|Any CPU
		{9697BE59-9CEC-44EA-B537-804C6CDDDC6F}.Release|x86.ActiveCfg = Release|Any CPU
		{9697BE59-9CEC-44EA-B537-804C6CDDDC6F}.Release|x86.Build.0 = Release|Any CPU
		{ACA6A82A-ABA9-45D6-BD0F-283C5ACB0672}.Debug|Any CPU.ActiveCfg = Debug|Any CPU
		{ACA6A82A-ABA9-45D6-BD0F-283C5ACB0672}.Debug|Any CPU.Build.0 = Debug|Any CPU
		{ACA6A82A-ABA9-45D6-BD0F-283C5ACB0672}.Debug|x64.ActiveCfg = Debug|Any CPU
		{ACA6A82A-ABA9-45D6-BD0F-283C5ACB0672}.Debug|x64.Build.0 = Debug|Any CPU
		{ACA6A82A-ABA9-45D6-BD0F-283C5ACB0672}.Debug|x86.ActiveCfg = Debug|Any CPU
		{ACA6A82A-ABA9-45D6-BD0F-283C5ACB0672}.Debug|x86.Build.0 = Debug|Any CPU
		{ACA6A82A-ABA9-45D6-BD0F-283C5ACB0672}.Release|Any CPU.ActiveCfg = Release|Any CPU
		{ACA6A82A-ABA9-45D6-BD0F-283C5ACB0672}.Release|Any CPU.Build.0 = Release|Any CPU
		{ACA6A82A-ABA9-45D6-BD0F-283C5ACB0672}.Release|x64.ActiveCfg = Release|Any CPU
		{ACA6A82A-ABA9-45D6-BD0F-283C5ACB0672}.Release|x64.Build.0 = Release|Any CPU
		{ACA6A82A-ABA9-45D6-BD0F-283C5ACB0672}.Release|x86.ActiveCfg = Release|Any CPU
		{ACA6A82A-ABA9-45D6-BD0F-283C5ACB0672}.Release|x86.Build.0 = Release|Any CPU
		{5887B53F-C41B-43A6-AAA3-FF7F5F4DD1C2}.Debug|Any CPU.ActiveCfg = Debug|Any CPU
		{5887B53F-C41B-43A6-AAA3-FF7F5F4DD1C2}.Debug|Any CPU.Build.0 = Debug|Any CPU
		{5887B53F-C41B-43A6-AAA3-FF7F5F4DD1C2}.Debug|x64.ActiveCfg = Debug|Any CPU
		{5887B53F-C41B-43A6-AAA3-FF7F5F4DD1C2}.Debug|x64.Build.0 = Debug|Any CPU
		{5887B53F-C41B-43A6-AAA3-FF7F5F4DD1C2}.Debug|x86.ActiveCfg = Debug|Any CPU
		{5887B53F-C41B-43A6-AAA3-FF7F5F4DD1C2}.Debug|x86.Build.0 = Debug|Any CPU
		{5887B53F-C41B-43A6-AAA3-FF7F5F4DD1C2}.Release|Any CPU.ActiveCfg = Release|Any CPU
		{5887B53F-C41B-43A6-AAA3-FF7F5F4DD1C2}.Release|Any CPU.Build.0 = Release|Any CPU
		{5887B53F-C41B-43A6-AAA3-FF7F5F4DD1C2}.Release|x64.ActiveCfg = Release|Any CPU
		{5887B53F-C41B-43A6-AAA3-FF7F5F4DD1C2}.Release|x64.Build.0 = Release|Any CPU
		{5887B53F-C41B-43A6-AAA3-FF7F5F4DD1C2}.Release|x86.ActiveCfg = Release|Any CPU
		{5887B53F-C41B-43A6-AAA3-FF7F5F4DD1C2}.Release|x86.Build.0 = Release|Any CPU
		{D459CEC9-1CA3-4D4D-8C06-AF33FDC31888}.Debug|Any CPU.ActiveCfg = Debug|Any CPU
		{D459CEC9-1CA3-4D4D-8C06-AF33FDC31888}.Debug|Any CPU.Build.0 = Debug|Any CPU
		{D459CEC9-1CA3-4D4D-8C06-AF33FDC31888}.Debug|x64.ActiveCfg = Debug|Any CPU
		{D459CEC9-1CA3-4D4D-8C06-AF33FDC31888}.Debug|x64.Build.0 = Debug|Any CPU
		{D459CEC9-1CA3-4D4D-8C06-AF33FDC31888}.Debug|x86.ActiveCfg = Debug|Any CPU
		{D459CEC9-1CA3-4D4D-8C06-AF33FDC31888}.Debug|x86.Build.0 = Debug|Any CPU
		{D459CEC9-1CA3-4D4D-8C06-AF33FDC31888}.Release|Any CPU.ActiveCfg = Release|Any CPU
		{D459CEC9-1CA3-4D4D-8C06-AF33FDC31888}.Release|Any CPU.Build.0 = Release|Any CPU
		{D459CEC9-1CA3-4D4D-8C06-AF33FDC31888}.Release|x64.ActiveCfg = Release|Any CPU
		{D459CEC9-1CA3-4D4D-8C06-AF33FDC31888}.Release|x64.Build.0 = Release|Any CPU
		{D459CEC9-1CA3-4D4D-8C06-AF33FDC31888}.Release|x86.ActiveCfg = Release|Any CPU
		{D459CEC9-1CA3-4D4D-8C06-AF33FDC31888}.Release|x86.Build.0 = Release|Any CPU
		{3B14088E-B072-4CB7-801F-C64492594BEE}.Debug|Any CPU.ActiveCfg = Debug|Any CPU
		{3B14088E-B072-4CB7-801F-C64492594BEE}.Debug|Any CPU.Build.0 = Debug|Any CPU
		{3B14088E-B072-4CB7-801F-C64492594BEE}.Debug|x64.ActiveCfg = Debug|Any CPU
		{3B14088E-B072-4CB7-801F-C64492594BEE}.Debug|x64.Build.0 = Debug|Any CPU
		{3B14088E-B072-4CB7-801F-C64492594BEE}.Debug|x86.ActiveCfg = Debug|Any CPU
		{3B14088E-B072-4CB7-801F-C64492594BEE}.Debug|x86.Build.0 = Debug|Any CPU
		{3B14088E-B072-4CB7-801F-C64492594BEE}.Release|Any CPU.ActiveCfg = Release|Any CPU
		{3B14088E-B072-4CB7-801F-C64492594BEE}.Release|Any CPU.Build.0 = Release|Any CPU
		{3B14088E-B072-4CB7-801F-C64492594BEE}.Release|x64.ActiveCfg = Release|Any CPU
		{3B14088E-B072-4CB7-801F-C64492594BEE}.Release|x64.Build.0 = Release|Any CPU
		{3B14088E-B072-4CB7-801F-C64492594BEE}.Release|x86.ActiveCfg = Release|Any CPU
		{3B14088E-B072-4CB7-801F-C64492594BEE}.Release|x86.Build.0 = Release|Any CPU
		{9E5F97E6-578E-4306-97BC-132CD00EF6D0}.Debug|Any CPU.ActiveCfg = Debug|Any CPU
		{9E5F97E6-578E-4306-97BC-132CD00EF6D0}.Debug|Any CPU.Build.0 = Debug|Any CPU
		{9E5F97E6-578E-4306-97BC-132CD00EF6D0}.Debug|x64.ActiveCfg = Debug|Any CPU
		{9E5F97E6-578E-4306-97BC-132CD00EF6D0}.Debug|x64.Build.0 = Debug|Any CPU
		{9E5F97E6-578E-4306-97BC-132CD00EF6D0}.Debug|x86.ActiveCfg = Debug|Any CPU
		{9E5F97E6-578E-4306-97BC-132CD00EF6D0}.Debug|x86.Build.0 = Debug|Any CPU
		{9E5F97E6-578E-4306-97BC-132CD00EF6D0}.Release|Any CPU.ActiveCfg = Release|Any CPU
		{9E5F97E6-578E-4306-97BC-132CD00EF6D0}.Release|Any CPU.Build.0 = Release|Any CPU
		{9E5F97E6-578E-4306-97BC-132CD00EF6D0}.Release|x64.ActiveCfg = Release|Any CPU
		{9E5F97E6-578E-4306-97BC-132CD00EF6D0}.Release|x64.Build.0 = Release|Any CPU
		{9E5F97E6-578E-4306-97BC-132CD00EF6D0}.Release|x86.ActiveCfg = Release|Any CPU
		{9E5F97E6-578E-4306-97BC-132CD00EF6D0}.Release|x86.Build.0 = Release|Any CPU
		{A9402455-3D7D-43B6-B51D-970B0EAF8872}.Debug|Any CPU.ActiveCfg = Debug|Any CPU
		{A9402455-3D7D-43B6-B51D-970B0EAF8872}.Debug|Any CPU.Build.0 = Debug|Any CPU
		{A9402455-3D7D-43B6-B51D-970B0EAF8872}.Debug|x64.ActiveCfg = Debug|Any CPU
		{A9402455-3D7D-43B6-B51D-970B0EAF8872}.Debug|x64.Build.0 = Debug|Any CPU
		{A9402455-3D7D-43B6-B51D-970B0EAF8872}.Debug|x86.ActiveCfg = Debug|Any CPU
		{A9402455-3D7D-43B6-B51D-970B0EAF8872}.Debug|x86.Build.0 = Debug|Any CPU
		{A9402455-3D7D-43B6-B51D-970B0EAF8872}.Release|Any CPU.ActiveCfg = Release|Any CPU
		{A9402455-3D7D-43B6-B51D-970B0EAF8872}.Release|Any CPU.Build.0 = Release|Any CPU
		{A9402455-3D7D-43B6-B51D-970B0EAF8872}.Release|x64.ActiveCfg = Release|Any CPU
		{A9402455-3D7D-43B6-B51D-970B0EAF8872}.Release|x64.Build.0 = Release|Any CPU
		{A9402455-3D7D-43B6-B51D-970B0EAF8872}.Release|x86.ActiveCfg = Release|Any CPU
		{A9402455-3D7D-43B6-B51D-970B0EAF8872}.Release|x86.Build.0 = Release|Any CPU
		{59AF4B23-D61A-4BCB-B061-C2F0524F3C19}.Debug|Any CPU.ActiveCfg = Debug|Any CPU
		{59AF4B23-D61A-4BCB-B061-C2F0524F3C19}.Debug|Any CPU.Build.0 = Debug|Any CPU
		{59AF4B23-D61A-4BCB-B061-C2F0524F3C19}.Debug|x64.ActiveCfg = Debug|Any CPU
		{59AF4B23-D61A-4BCB-B061-C2F0524F3C19}.Debug|x64.Build.0 = Debug|Any CPU
		{59AF4B23-D61A-4BCB-B061-C2F0524F3C19}.Debug|x86.ActiveCfg = Debug|Any CPU
		{59AF4B23-D61A-4BCB-B061-C2F0524F3C19}.Debug|x86.Build.0 = Debug|Any CPU
		{59AF4B23-D61A-4BCB-B061-C2F0524F3C19}.Release|Any CPU.ActiveCfg = Release|Any CPU
		{59AF4B23-D61A-4BCB-B061-C2F0524F3C19}.Release|Any CPU.Build.0 = Release|Any CPU
		{59AF4B23-D61A-4BCB-B061-C2F0524F3C19}.Release|x64.ActiveCfg = Release|Any CPU
		{59AF4B23-D61A-4BCB-B061-C2F0524F3C19}.Release|x64.Build.0 = Release|Any CPU
		{59AF4B23-D61A-4BCB-B061-C2F0524F3C19}.Release|x86.ActiveCfg = Release|Any CPU
		{59AF4B23-D61A-4BCB-B061-C2F0524F3C19}.Release|x86.Build.0 = Release|Any CPU
		{A9BF5809-242E-4BD2-9310-6FA89846AF94}.Debug|Any CPU.ActiveCfg = Debug|Any CPU
		{A9BF5809-242E-4BD2-9310-6FA89846AF94}.Debug|Any CPU.Build.0 = Debug|Any CPU
		{A9BF5809-242E-4BD2-9310-6FA89846AF94}.Debug|x64.ActiveCfg = Debug|Any CPU
		{A9BF5809-242E-4BD2-9310-6FA89846AF94}.Debug|x64.Build.0 = Debug|Any CPU
		{A9BF5809-242E-4BD2-9310-6FA89846AF94}.Debug|x86.ActiveCfg = Debug|Any CPU
		{A9BF5809-242E-4BD2-9310-6FA89846AF94}.Debug|x86.Build.0 = Debug|Any CPU
		{A9BF5809-242E-4BD2-9310-6FA89846AF94}.Release|Any CPU.ActiveCfg = Release|Any CPU
		{A9BF5809-242E-4BD2-9310-6FA89846AF94}.Release|Any CPU.Build.0 = Release|Any CPU
		{A9BF5809-242E-4BD2-9310-6FA89846AF94}.Release|x64.ActiveCfg = Release|Any CPU
		{A9BF5809-242E-4BD2-9310-6FA89846AF94}.Release|x64.Build.0 = Release|Any CPU
		{A9BF5809-242E-4BD2-9310-6FA89846AF94}.Release|x86.ActiveCfg = Release|Any CPU
		{A9BF5809-242E-4BD2-9310-6FA89846AF94}.Release|x86.Build.0 = Release|Any CPU
		{4DCD8D36-AB04-4C38-9180-55AC352D2FE1}.Debug|Any CPU.ActiveCfg = Debug|Any CPU
		{4DCD8D36-AB04-4C38-9180-55AC352D2FE1}.Debug|Any CPU.Build.0 = Debug|Any CPU
		{4DCD8D36-AB04-4C38-9180-55AC352D2FE1}.Debug|x64.ActiveCfg = Debug|Any CPU
		{4DCD8D36-AB04-4C38-9180-55AC352D2FE1}.Debug|x64.Build.0 = Debug|Any CPU
		{4DCD8D36-AB04-4C38-9180-55AC352D2FE1}.Debug|x86.ActiveCfg = Debug|Any CPU
		{4DCD8D36-AB04-4C38-9180-55AC352D2FE1}.Debug|x86.Build.0 = Debug|Any CPU
		{4DCD8D36-AB04-4C38-9180-55AC352D2FE1}.Release|Any CPU.ActiveCfg = Release|Any CPU
		{4DCD8D36-AB04-4C38-9180-55AC352D2FE1}.Release|Any CPU.Build.0 = Release|Any CPU
		{4DCD8D36-AB04-4C38-9180-55AC352D2FE1}.Release|x64.ActiveCfg = Release|Any CPU
		{4DCD8D36-AB04-4C38-9180-55AC352D2FE1}.Release|x64.Build.0 = Release|Any CPU
		{4DCD8D36-AB04-4C38-9180-55AC352D2FE1}.Release|x86.ActiveCfg = Release|Any CPU
		{4DCD8D36-AB04-4C38-9180-55AC352D2FE1}.Release|x86.Build.0 = Release|Any CPU
	EndGlobalSection
	GlobalSection(SolutionProperties) = preSolution
		HideSolutionNode = FALSE
	EndGlobalSection
	GlobalSection(ExtensibilityGlobals) = postSolution
		SolutionGuid = {1BA059A0-18ED-4E46-9B30-2494B4EE2381}
	EndGlobalSection
EndGlobal
