
Microsoft Visual Studio Solution File, Format Version 12.00
# Visual Studio Version 17
VisualStudioVersion = 17.3.32825.248
MinimumVisualStudioVersion = 10.0.40219.1
Project("{9A19103F-16F7-4668-BE54-9A1E7A4F7556}") = "BASINSDS", "BASINSDS\BASINSDS.csproj", "{5B752BE7-EEF5-4EA2-8C9C-89798BAE2D7C}"
EndProject
Project("{778DAE3C-4631-46EA-AA77-85C1314464D9}") = "atcUSGSBaseflow-DS", "atcUSGSBaseflow\atcUSGSBaseflow-DS.vbproj", "{DDCF48BB-57B4-48EC-B3CA-6D0FA0794955}"
EndProject
Project("{778DAE3C-4631-46EA-AA77-85C1314464D9}") = "MapWinUtility-DS", "MapWinUtility\MapWinUtility-DS.vbproj", "{D7512330-B220-4DDC-994B-76FAA3AB5465}"
EndProject
Project("{778DAE3C-4631-46EA-AA77-85C1314464D9}") = "atcUtility-DS", "atcUtility\atcUtility-DS.vbproj", "{A1866952-9CC8-4C83-96BB-5CE16AB8645B}"
EndProject
Project("{778DAE3C-4631-46EA-AA77-85C1314464D9}") = "atcData-DS", "atcData\atcData-DS.vbproj", "{EFC47EE4-E28B-4CBF-B8EB-98FBEA26F458}"
EndProject
Project("{778DAE3C-4631-46EA-AA77-85C1314464D9}") = "atcControls-DS", "atcControls\atcControls-DS.vbproj", "{1AE7FB3D-BAA7-4635-82DF-A79D9999F227}"
EndProject
Project("{778DAE3C-4631-46EA-AA77-85C1314464D9}") = "atcBasinsObsWQ-DS", "atcBasinsObsWQ\atcBasinsObsWQ-DS.vbproj", "{603FB011-32BA-4862-A173-F27D159820CD}"
EndProject
Project("{778DAE3C-4631-46EA-AA77-85C1314464D9}") = "atcBatchProcessing-DS", "atcBatchProcessing\atcBatchProcessing-DS.vbproj", "{9B3F002B-5187-40AC-9CCD-71A559C9EB02}"
EndProject
Project("{778DAE3C-4631-46EA-AA77-85C1314464D9}") = "atcTimeseriesRDB-DS", "atcTimeseriesRDB\atcTimeseriesRDB-DS.vbproj", "{A1067861-B1E6-455F-B24A-8F6EEF13235C}"
EndProject
Project("{778DAE3C-4631-46EA-AA77-85C1314464D9}") = "atcList-DS", "atcList\atcList-DS.vbproj", "{564EBF34-6B1C-4199-9780-E5CD479ACE27}"
EndProject
Project("{778DAE3C-4631-46EA-AA77-85C1314464D9}") = "atcDurationCompare-DS", "atcDurationCompare\atcDurationCompare-DS.vbproj", "{66EA99E3-7851-4AD8-A2B8-22FA59674458}"
EndProject
Project("{778DAE3C-4631-46EA-AA77-85C1314464D9}") = "atcGraph-DS", "atcGraphExperimental\atcGraph-DS.vbproj", "{01FD8D81-212A-4FC8-875D-224E1FBD7D94}"
EndProject
Project("{9A19103F-16F7-4668-BE54-9A1E7A4F7556}") = "ZedGraph", "ZedGraph\ZedGraph.csproj", "{5F42F1B8-B621-4891-8206-C613CE2B4492}"
EndProject
Project("{9A19103F-16F7-4668-BE54-9A1E7A4F7556}") = "ZedGraph.WinForms", "ZedGraph.WinForms\ZedGraph.WinForms.csproj", "{431D977C-F4DC-4757-B799-49398E8BCA50}"
EndProject
Project("{778DAE3C-4631-46EA-AA77-85C1314464D9}") = "atcTimeseriesMath-DS", "atcTimeseriesMath\atcTimeseriesMath-DS.vbproj", "{0444A44D-8740-4BD7-A16A-C779443C3A8D}"
EndProject
Project("{778DAE3C-4631-46EA-AA77-85C1314464D9}") = "atcD4EMLauncher-DS", "atcD4EMLauncher\atcD4EMLauncher-DS.vbproj", "{FF55A848-AF10-4AE8-B7B1-01185F90EE42}"
EndProject
Project("{778DAE3C-4631-46EA-AA77-85C1314464D9}") = "atcTimeseriesBaseflow-DS", "atcTimeseriesBaseflow\atcTimeseriesBaseflow-DS.vbproj", "{02F0D049-DACC-4BA0-845F-7444F0ADBED7}"
EndProject
Project("{778DAE3C-4631-46EA-AA77-85C1314464D9}") = "atcUSGSUtility-DS", "atcUSGSUtility\atcUSGSUtility-DS.vbproj", "{1343387C-A853-4041-9209-DFA536305DC5}"
EndProject
Project("{778DAE3C-4631-46EA-AA77-85C1314464D9}") = "atcUSGSDF2P-DS", "atcUSGSDF2P\atcUSGSDF2P-DS.vbproj", "{8551F05B-5525-4DB9-9B9F-A3A2E26F0326}"
EndProject
Project("{9A19103F-16F7-4668-BE54-9A1E7A4F7556}") = "USGS.Plugins", "USGS.Plugins.Trial\USGS.Plugins.csproj", "{F3AD6F4F-2A00-4185-A99D-9802D9F8C2CE}"
EndProject
Project("{778DAE3C-4631-46EA-AA77-85C1314464D9}") = "atcTimeseriesStatistics-DS", "atcTimeseriesStatistics\atcTimeseriesStatistics-DS.vbproj", "{A6F32FDC-C664-4E19-9B7A-BDDC24E11980}"
EndProject
Project("{9A19103F-16F7-4668-BE54-9A1E7A4F7556}") = "DataManager", "DataManager\DataManager.csproj", "{E304ED74-F5C0-4C46-8701-B2910A8121D9}"
EndProject
Project("{778DAE3C-4631-46EA-AA77-85C1314464D9}") = "atcTimeseriesScript-DS", "atcTimeseriesScript\atcTimeseriesScript-DS.vbproj", "{CBA36D25-5A6A-48EA-BBDF-589E63B3033B}"
EndProject
Project("{778DAE3C-4631-46EA-AA77-85C1314464D9}") = "D4EMDownloadData-DS", "D4EMDownloadData\D4EMDownloadData-DS.vbproj", "{EB2D1AF6-040A-4368-994A-504D3829587F}"
EndProject
Project("{778DAE3C-4631-46EA-AA77-85C1314464D9}") = "atcProjector-DS", "atcProjector\atcProjector-DS.vbproj", "{54DA7676-0266-4AA0-AB67-7B6D7FF40BD0}"
EndProject
Project("{778DAE3C-4631-46EA-AA77-85C1314464D9}") = "atcMetCmp-DS", "atcMetCmp\atcMetCmp-DS.vbproj", "{31EBC9E1-20D6-496B-BB21-A042975C6D59}"
EndProject
Project("{778DAE3C-4631-46EA-AA77-85C1314464D9}") = "atcMwGisUtility-DSC", "atcMwGisUtility\atcMwGisUtility-DSC.vbproj", "{BE0E222D-7C3F-43FE-93AD-F7A42B0C91B4}"
EndProject
Project("{778DAE3C-4631-46EA-AA77-85C1314464D9}") = "ToolboxMWPlugin-DS", "BASINS\ToolboxMWPlugin-DS.vbproj", "{9B3BB48B-2CAF-4E49-A900-5E08217DA078}"
EndProject
Project("{778DAE3C-4631-46EA-AA77-85C1314464D9}") = "atcWDM-DS", "atcWDM\atcWDM-DS.vbproj", "{C5ADAACC-A72D-4FAA-B92C-FA0FE1A3935C}"
EndProject
Project("{778DAE3C-4631-46EA-AA77-85C1314464D9}") = "atcWdmVb-DS", "atcWdmVb\atcWdmVb-DS.vbproj", "{F40EF040-7AC8-4532-9878-E4C5CD9AFDDD}"
EndProject
Project("{778DAE3C-4631-46EA-AA77-85C1314464D9}") = "atcHspfBinOut-DS", "atcHspfBinOut\atcHspfBinOut-DS.vbproj", "{9D3AB9D5-7A02-4D8E-8853-45BA1E998C8D}"
EndProject
Project("{778DAE3C-4631-46EA-AA77-85C1314464D9}") = "atcUCI-DS", "atcUCI\atcUCI-DS.vbproj", "{B2E31B10-BC8A-4E0D-AF32-7AFF931AFADF}"
EndProject
Project("{778DAE3C-4631-46EA-AA77-85C1314464D9}") = "atcSegmentation-DS", "atcSegmentation\atcSegmentation-DS.vbproj", "{4354C3F5-EC31-48E7-83D1-8F3250458404}"
EndProject
Project("{778DAE3C-4631-46EA-AA77-85C1314464D9}") = "atcTimeseriesBinary-DS", "atcTimeseriesBinary\atcTimeseriesBinary-DS.vbproj", "{FF9E5E2B-F9C0-4D03-BBE6-CB8C90B40029}"
EndProject
Project("{778DAE3C-4631-46EA-AA77-85C1314464D9}") = "atcTimeseriesD4EM-DS", "atcTimeseriesD4EM\atcTimeseriesD4EM-DS.vbproj", "{707C292E-6BB7-43A8-B725-6627FCE4B6E0}"
EndProject
Project("{778DAE3C-4631-46EA-AA77-85C1314464D9}") = "atcTimeseriesGDS-DS", "atcTimeseriesGDS\atcTimeseriesGDS-DS.vbproj", "{6A595CE2-5171-4FAD-8ACB-C61342A8CDF2}"
EndProject
Project("{778DAE3C-4631-46EA-AA77-85C1314464D9}") = "atcTimeseriesNCDC-DS", "atcTimeseriesNCDC\atcTimeseriesNCDC-DS.vbproj", "{FEF9AE18-421F-4384-A4F1-0B133ED9C775}"
EndProject
Project("{778DAE3C-4631-46EA-AA77-85C1314464D9}") = "atcTimeseriesSWAT-DS", "atcTimeseriesSWAT\atcTimeseriesSWAT-DS.vbproj", "{4AF957C1-1968-4064-BBE1-B80B5F3533EA}"
EndProject
Project("{9A19103F-16F7-4668-BE54-9A1E7A4F7556}") = "WebDownload-DS", "WebDownload\WebDownload-DS.csproj", "{C44F323F-DD72-463D-8302-7C7DE2393F43}"
EndProject
Project("{778DAE3C-4631-46EA-AA77-85C1314464D9}") = "SwatObject-DS", "SwatObject\SwatObject-DS.vbproj", "{032534EB-E4C0-4E0A-BFC2-F815698958D4}"
EndProject
Project("{778DAE3C-4631-46EA-AA77-85C1314464D9}") = "DFLOWAnalysis-DS", "DFLOW\DFLOWAnalysis-DS.vbproj", "{D8670244-45A9-4201-B104-ADA8B8F5D826}"
EndProject
Project("{778DAE3C-4631-46EA-AA77-85C1314464D9}") = "atcTimeseriesNdayHighLow-DS", "atcTimeseriesNdayHighLow\atcTimeseriesNdayHighLow-DS.vbproj", "{23B3158E-3AE0-40B5-85E1-80C69EDB2DB1}"
EndProject
Project("{9A19103F-16F7-4668-BE54-9A1E7A4F7556}") = "DFLOW-HMS", "DFLOW-HMS\DFLOW-HMS.csproj", "{6208832E-9F8D-4708-940F-CD90FBDA197C}"
EndProject
Project("{9A19103F-16F7-4668-BE54-9A1E7A4F7556}") = "SWTools", "SWTools\SWTools.csproj", "{22CB97D3-979F-4DD7-B309-3028FC1A3C04}"
EndProject
Project("{778DAE3C-4631-46EA-AA77-85C1314464D9}") = "atcIDF-DS", "atcIntegratedDesignFlow\atcIDF-DS.vbproj", "{7D842143-69E1-4779-8761-FDA9C02BB99D}"
EndProject
Project("{778DAE3C-4631-46EA-AA77-85C1314464D9}") = "atcSeasons-DS", "atcSeasons\atcSeasons-DS.vbproj", "{E5DC8F35-32E5-446A-B6F6-E26BA5A2B2F8}"
EndProject
Project("{778DAE3C-4631-46EA-AA77-85C1314464D9}") = "atcDataTree-DS", "atcDataTree\atcDataTree-DS.vbproj", "{0B496354-933E-4622-A6DF-F9623EF9B506}"
EndProject
Project("{FAE04EC0-301F-11D3-BF4B-00C04F79EFBC}") = "USGSHydroToolbox", "StreamFLowDuration\USGSHydroToolbox.csproj", "{2794A228-E8F8-4656-821C-BFA23667EE0D}"
EndProject
Project("{F184B08F-C81C-45F6-A57F-5ABD9991F28F}") = "atcTimeseriesGLDS", "atcTimeseriesGLDS\atcTimeseriesGLDS.vbproj", "{D06E39DA-602F-BDAC-35B3-90C7037F185F}"
EndProject
Project("{F184B08F-C81C-45F6-A57F-5ABD9991F28F}") = "atcTimeseriesTRMM", "atcTimeseriesTRMM\atcTimeseriesTRMM.vbproj", "{554C0F04-DCA2-65D2-AEED-907F4A536C3E}"
EndProject
Project("{F184B08F-C81C-45F6-A57F-5ABD9991F28F}") = "atcTimeseriesGLDS-DS", "atcTimeseriesGLDS\atcTimeseriesGLDS-DS.vbproj", "{EF36714E-AF06-3658-DCDF-A84E6BE7FFE0}"
EndProject
Project("{F184B08F-C81C-45F6-A57F-5ABD9991F28F}") = "atcTimeseriesTRMM-DS", "atcTimeseriesTRMM\atcTimeseriesTRMM-DS.vbproj", "{6D34C05A-B551-8649-9A49-E13BCFDDAD21}"
EndProject
Global
	GlobalSection(SolutionConfigurationPlatforms) = preSolution
		Debug|Any CPU = Debug|Any CPU
		Debug|x64 = Debug|x64
		Debug|x86 = Debug|x86
		Release|Any CPU = Release|Any CPU
		Release|x64 = Release|x64
		Release|x86 = Release|x86
	EndGlobalSection
	GlobalSection(ProjectConfigurationPlatforms) = postSolution
		{5B752BE7-EEF5-4EA2-8C9C-89798BAE2D7C}.Debug|Any CPU.ActiveCfg = Debug|Any CPU
		{5B752BE7-EEF5-4EA2-8C9C-89798BAE2D7C}.Debug|Any CPU.Build.0 = Debug|Any CPU
		{5B752BE7-EEF5-4EA2-8C9C-89798BAE2D7C}.Debug|x64.ActiveCfg = Debug|Any CPU
		{5B752BE7-EEF5-4EA2-8C9C-89798BAE2D7C}.Debug|x64.Build.0 = Debug|Any CPU
		{5B752BE7-EEF5-4EA2-8C9C-89798BAE2D7C}.Debug|x86.ActiveCfg = Debug|Any CPU
		{5B752BE7-EEF5-4EA2-8C9C-89798BAE2D7C}.Debug|x86.Build.0 = Debug|Any CPU
		{5B752BE7-EEF5-4EA2-8C9C-89798BAE2D7C}.Release|Any CPU.ActiveCfg = Release|Any CPU
		{5B752BE7-EEF5-4EA2-8C9C-89798BAE2D7C}.Release|Any CPU.Build.0 = Release|Any CPU
		{5B752BE7-EEF5-4EA2-8C9C-89798BAE2D7C}.Release|x64.ActiveCfg = Release|Any CPU
		{5B752BE7-EEF5-4EA2-8C9C-89798BAE2D7C}.Release|x64.Build.0 = Release|Any CPU
		{5B752BE7-EEF5-4EA2-8C9C-89798BAE2D7C}.Release|x86.ActiveCfg = Release|Any CPU
		{5B752BE7-EEF5-4EA2-8C9C-89798BAE2D7C}.Release|x86.Build.0 = Release|Any CPU
		{DDCF48BB-57B4-48EC-B3CA-6D0FA0794955}.Debug|Any CPU.ActiveCfg = Debug|Any CPU
		{DDCF48BB-57B4-48EC-B3CA-6D0FA0794955}.Debug|Any CPU.Build.0 = Debug|Any CPU
		{DDCF48BB-57B4-48EC-B3CA-6D0FA0794955}.Debug|x64.ActiveCfg = Debug|Any CPU
		{DDCF48BB-57B4-48EC-B3CA-6D0FA0794955}.Debug|x64.Build.0 = Debug|Any CPU
		{DDCF48BB-57B4-48EC-B3CA-6D0FA0794955}.Debug|x86.ActiveCfg = Debug|Any CPU
		{DDCF48BB-57B4-48EC-B3CA-6D0FA0794955}.Debug|x86.Build.0 = Debug|Any CPU
		{DDCF48BB-57B4-48EC-B3CA-6D0FA0794955}.Release|Any CPU.ActiveCfg = Release|Any CPU
		{DDCF48BB-57B4-48EC-B3CA-6D0FA0794955}.Release|Any CPU.Build.0 = Release|Any CPU
		{DDCF48BB-57B4-48EC-B3CA-6D0FA0794955}.Release|x64.ActiveCfg = Release|Any CPU
		{DDCF48BB-57B4-48EC-B3CA-6D0FA0794955}.Release|x64.Build.0 = Release|Any CPU
		{DDCF48BB-57B4-48EC-B3CA-6D0FA0794955}.Release|x86.ActiveCfg = Release|Any CPU
		{DDCF48BB-57B4-48EC-B3CA-6D0FA0794955}.Release|x86.Build.0 = Release|Any CPU
		{D7512330-B220-4DDC-994B-76FAA3AB5465}.Debug|Any CPU.ActiveCfg = Debug|Any CPU
		{D7512330-B220-4DDC-994B-76FAA3AB5465}.Debug|Any CPU.Build.0 = Debug|Any CPU
		{D7512330-B220-4DDC-994B-76FAA3AB5465}.Debug|x64.ActiveCfg = Debug|Any CPU
		{D7512330-B220-4DDC-994B-76FAA3AB5465}.Debug|x64.Build.0 = Debug|Any CPU
		{D7512330-B220-4DDC-994B-76FAA3AB5465}.Debug|x86.ActiveCfg = Debug|Any CPU
		{D7512330-B220-4DDC-994B-76FAA3AB5465}.Debug|x86.Build.0 = Debug|Any CPU
		{D7512330-B220-4DDC-994B-76FAA3AB5465}.Release|Any CPU.ActiveCfg = Release|Any CPU
		{D7512330-B220-4DDC-994B-76FAA3AB5465}.Release|Any CPU.Build.0 = Release|Any CPU
		{D7512330-B220-4DDC-994B-76FAA3AB5465}.Release|x64.ActiveCfg = Release|Any CPU
		{D7512330-B220-4DDC-994B-76FAA3AB5465}.Release|x64.Build.0 = Release|Any CPU
		{D7512330-B220-4DDC-994B-76FAA3AB5465}.Release|x86.ActiveCfg = Release|Any CPU
		{D7512330-B220-4DDC-994B-76FAA3AB5465}.Release|x86.Build.0 = Release|Any CPU
		{A1866952-9CC8-4C83-96BB-5CE16AB8645B}.Debug|Any CPU.ActiveCfg = Debug|Any CPU
		{A1866952-9CC8-4C83-96BB-5CE16AB8645B}.Debug|Any CPU.Build.0 = Debug|Any CPU
		{A1866952-9CC8-4C83-96BB-5CE16AB8645B}.Debug|x64.ActiveCfg = Debug|Any CPU
		{A1866952-9CC8-4C83-96BB-5CE16AB8645B}.Debug|x64.Build.0 = Debug|Any CPU
		{A1866952-9CC8-4C83-96BB-5CE16AB8645B}.Debug|x86.ActiveCfg = Debug|Any CPU
		{A1866952-9CC8-4C83-96BB-5CE16AB8645B}.Debug|x86.Build.0 = Debug|Any CPU
		{A1866952-9CC8-4C83-96BB-5CE16AB8645B}.Release|Any CPU.ActiveCfg = Release|Any CPU
		{A1866952-9CC8-4C83-96BB-5CE16AB8645B}.Release|Any CPU.Build.0 = Release|Any CPU
		{A1866952-9CC8-4C83-96BB-5CE16AB8645B}.Release|x64.ActiveCfg = Release|Any CPU
		{A1866952-9CC8-4C83-96BB-5CE16AB8645B}.Release|x64.Build.0 = Release|Any CPU
		{A1866952-9CC8-4C83-96BB-5CE16AB8645B}.Release|x86.ActiveCfg = Release|Any CPU
		{A1866952-9CC8-4C83-96BB-5CE16AB8645B}.Release|x86.Build.0 = Release|Any CPU
		{EFC47EE4-E28B-4CBF-B8EB-98FBEA26F458}.Debug|Any CPU.ActiveCfg = Debug|Any CPU
		{EFC47EE4-E28B-4CBF-B8EB-98FBEA26F458}.Debug|Any CPU.Build.0 = Debug|Any CPU
		{EFC47EE4-E28B-4CBF-B8EB-98FBEA26F458}.Debug|x64.ActiveCfg = Debug|Any CPU
		{EFC47EE4-E28B-4CBF-B8EB-98FBEA26F458}.Debug|x64.Build.0 = Debug|Any CPU
		{EFC47EE4-E28B-4CBF-B8EB-98FBEA26F458}.Debug|x86.ActiveCfg = Debug|Any CPU
		{EFC47EE4-E28B-4CBF-B8EB-98FBEA26F458}.Debug|x86.Build.0 = Debug|Any CPU
		{EFC47EE4-E28B-4CBF-B8EB-98FBEA26F458}.Release|Any CPU.ActiveCfg = Release|Any CPU
		{EFC47EE4-E28B-4CBF-B8EB-98FBEA26F458}.Release|Any CPU.Build.0 = Release|Any CPU
		{EFC47EE4-E28B-4CBF-B8EB-98FBEA26F458}.Release|x64.ActiveCfg = Release|Any CPU
		{EFC47EE4-E28B-4CBF-B8EB-98FBEA26F458}.Release|x64.Build.0 = Release|Any CPU
		{EFC47EE4-E28B-4CBF-B8EB-98FBEA26F458}.Release|x86.ActiveCfg = Release|Any CPU
		{EFC47EE4-E28B-4CBF-B8EB-98FBEA26F458}.Release|x86.Build.0 = Release|Any CPU
		{1AE7FB3D-BAA7-4635-82DF-A79D9999F227}.Debug|Any CPU.ActiveCfg = Debug|Any CPU
		{1AE7FB3D-BAA7-4635-82DF-A79D9999F227}.Debug|Any CPU.Build.0 = Debug|Any CPU
		{1AE7FB3D-BAA7-4635-82DF-A79D9999F227}.Debug|x64.ActiveCfg = Debug|Any CPU
		{1AE7FB3D-BAA7-4635-82DF-A79D9999F227}.Debug|x64.Build.0 = Debug|Any CPU
		{1AE7FB3D-BAA7-4635-82DF-A79D9999F227}.Debug|x86.ActiveCfg = Debug|Any CPU
		{1AE7FB3D-BAA7-4635-82DF-A79D9999F227}.Debug|x86.Build.0 = Debug|Any CPU
		{1AE7FB3D-BAA7-4635-82DF-A79D9999F227}.Release|Any CPU.ActiveCfg = Release|Any CPU
		{1AE7FB3D-BAA7-4635-82DF-A79D9999F227}.Release|Any CPU.Build.0 = Release|Any CPU
		{1AE7FB3D-BAA7-4635-82DF-A79D9999F227}.Release|x64.ActiveCfg = Release|Any CPU
		{1AE7FB3D-BAA7-4635-82DF-A79D9999F227}.Release|x64.Build.0 = Release|Any CPU
		{1AE7FB3D-BAA7-4635-82DF-A79D9999F227}.Release|x86.ActiveCfg = Release|Any CPU
		{1AE7FB3D-BAA7-4635-82DF-A79D9999F227}.Release|x86.Build.0 = Release|Any CPU
		{603FB011-32BA-4862-A173-F27D159820CD}.Debug|Any CPU.ActiveCfg = Debug|Any CPU
		{603FB011-32BA-4862-A173-F27D159820CD}.Debug|Any CPU.Build.0 = Debug|Any CPU
		{603FB011-32BA-4862-A173-F27D159820CD}.Debug|x64.ActiveCfg = Debug|Any CPU
		{603FB011-32BA-4862-A173-F27D159820CD}.Debug|x64.Build.0 = Debug|Any CPU
		{603FB011-32BA-4862-A173-F27D159820CD}.Debug|x86.ActiveCfg = Debug|Any CPU
		{603FB011-32BA-4862-A173-F27D159820CD}.Debug|x86.Build.0 = Debug|Any CPU
		{603FB011-32BA-4862-A173-F27D159820CD}.Release|Any CPU.ActiveCfg = Release|Any CPU
		{603FB011-32BA-4862-A173-F27D159820CD}.Release|Any CPU.Build.0 = Release|Any CPU
		{603FB011-32BA-4862-A173-F27D159820CD}.Release|x64.ActiveCfg = Release|Any CPU
		{603FB011-32BA-4862-A173-F27D159820CD}.Release|x64.Build.0 = Release|Any CPU
		{603FB011-32BA-4862-A173-F27D159820CD}.Release|x86.ActiveCfg = Release|Any CPU
		{603FB011-32BA-4862-A173-F27D159820CD}.Release|x86.Build.0 = Release|Any CPU
		{9B3F002B-5187-40AC-9CCD-71A559C9EB02}.Debug|Any CPU.ActiveCfg = Debug|Any CPU
		{9B3F002B-5187-40AC-9CCD-71A559C9EB02}.Debug|Any CPU.Build.0 = Debug|Any CPU
		{9B3F002B-5187-40AC-9CCD-71A559C9EB02}.Debug|x64.ActiveCfg = Debug|Any CPU
		{9B3F002B-5187-40AC-9CCD-71A559C9EB02}.Debug|x64.Build.0 = Debug|Any CPU
		{9B3F002B-5187-40AC-9CCD-71A559C9EB02}.Debug|x86.ActiveCfg = Debug|Any CPU
		{9B3F002B-5187-40AC-9CCD-71A559C9EB02}.Debug|x86.Build.0 = Debug|Any CPU
		{9B3F002B-5187-40AC-9CCD-71A559C9EB02}.Release|Any CPU.ActiveCfg = Release|Any CPU
		{9B3F002B-5187-40AC-9CCD-71A559C9EB02}.Release|Any CPU.Build.0 = Release|Any CPU
		{9B3F002B-5187-40AC-9CCD-71A559C9EB02}.Release|x64.ActiveCfg = Release|Any CPU
		{9B3F002B-5187-40AC-9CCD-71A559C9EB02}.Release|x64.Build.0 = Release|Any CPU
		{9B3F002B-5187-40AC-9CCD-71A559C9EB02}.Release|x86.ActiveCfg = Release|Any CPU
		{9B3F002B-5187-40AC-9CCD-71A559C9EB02}.Release|x86.Build.0 = Release|Any CPU
		{A1067861-B1E6-455F-B24A-8F6EEF13235C}.Debug|Any CPU.ActiveCfg = Debug|Any CPU
		{A1067861-B1E6-455F-B24A-8F6EEF13235C}.Debug|Any CPU.Build.0 = Debug|Any CPU
		{A1067861-B1E6-455F-B24A-8F6EEF13235C}.Debug|x64.ActiveCfg = Debug|Any CPU
		{A1067861-B1E6-455F-B24A-8F6EEF13235C}.Debug|x64.Build.0 = Debug|Any CPU
		{A1067861-B1E6-455F-B24A-8F6EEF13235C}.Debug|x86.ActiveCfg = Debug|Any CPU
		{A1067861-B1E6-455F-B24A-8F6EEF13235C}.Debug|x86.Build.0 = Debug|Any CPU
		{A1067861-B1E6-455F-B24A-8F6EEF13235C}.Release|Any CPU.ActiveCfg = Release|Any CPU
		{A1067861-B1E6-455F-B24A-8F6EEF13235C}.Release|Any CPU.Build.0 = Release|Any CPU
		{A1067861-B1E6-455F-B24A-8F6EEF13235C}.Release|x64.ActiveCfg = Release|Any CPU
		{A1067861-B1E6-455F-B24A-8F6EEF13235C}.Release|x64.Build.0 = Release|Any CPU
		{A1067861-B1E6-455F-B24A-8F6EEF13235C}.Release|x86.ActiveCfg = Release|Any CPU
		{A1067861-B1E6-455F-B24A-8F6EEF13235C}.Release|x86.Build.0 = Release|Any CPU
		{564EBF34-6B1C-4199-9780-E5CD479ACE27}.Debug|Any CPU.ActiveCfg = Debug|Any CPU
		{564EBF34-6B1C-4199-9780-E5CD479ACE27}.Debug|Any CPU.Build.0 = Debug|Any CPU
		{564EBF34-6B1C-4199-9780-E5CD479ACE27}.Debug|x64.ActiveCfg = Debug|Any CPU
		{564EBF34-6B1C-4199-9780-E5CD479ACE27}.Debug|x64.Build.0 = Debug|Any CPU
		{564EBF34-6B1C-4199-9780-E5CD479ACE27}.Debug|x86.ActiveCfg = Debug|Any CPU
		{564EBF34-6B1C-4199-9780-E5CD479ACE27}.Debug|x86.Build.0 = Debug|Any CPU
		{564EBF34-6B1C-4199-9780-E5CD479ACE27}.Release|Any CPU.ActiveCfg = Release|Any CPU
		{564EBF34-6B1C-4199-9780-E5CD479ACE27}.Release|Any CPU.Build.0 = Release|Any CPU
		{564EBF34-6B1C-4199-9780-E5CD479ACE27}.Release|x64.ActiveCfg = Release|Any CPU
		{564EBF34-6B1C-4199-9780-E5CD479ACE27}.Release|x64.Build.0 = Release|Any CPU
		{564EBF34-6B1C-4199-9780-E5CD479ACE27}.Release|x86.ActiveCfg = Release|Any CPU
		{564EBF34-6B1C-4199-9780-E5CD479ACE27}.Release|x86.Build.0 = Release|Any CPU
		{66EA99E3-7851-4AD8-A2B8-22FA59674458}.Debug|Any CPU.ActiveCfg = Debug|Any CPU
		{66EA99E3-7851-4AD8-A2B8-22FA59674458}.Debug|Any CPU.Build.0 = Debug|Any CPU
		{66EA99E3-7851-4AD8-A2B8-22FA59674458}.Debug|x64.ActiveCfg = Debug|Any CPU
		{66EA99E3-7851-4AD8-A2B8-22FA59674458}.Debug|x64.Build.0 = Debug|Any CPU
		{66EA99E3-7851-4AD8-A2B8-22FA59674458}.Debug|x86.ActiveCfg = Debug|Any CPU
		{66EA99E3-7851-4AD8-A2B8-22FA59674458}.Debug|x86.Build.0 = Debug|Any CPU
		{66EA99E3-7851-4AD8-A2B8-22FA59674458}.Release|Any CPU.ActiveCfg = Release|Any CPU
		{66EA99E3-7851-4AD8-A2B8-22FA59674458}.Release|Any CPU.Build.0 = Release|Any CPU
		{66EA99E3-7851-4AD8-A2B8-22FA59674458}.Release|x64.ActiveCfg = Release|Any CPU
		{66EA99E3-7851-4AD8-A2B8-22FA59674458}.Release|x64.Build.0 = Release|Any CPU
		{66EA99E3-7851-4AD8-A2B8-22FA59674458}.Release|x86.ActiveCfg = Release|Any CPU
		{66EA99E3-7851-4AD8-A2B8-22FA59674458}.Release|x86.Build.0 = Release|Any CPU
		{01FD8D81-212A-4FC8-875D-224E1FBD7D94}.Debug|Any CPU.ActiveCfg = Debug|Any CPU
		{01FD8D81-212A-4FC8-875D-224E1FBD7D94}.Debug|Any CPU.Build.0 = Debug|Any CPU
		{01FD8D81-212A-4FC8-875D-224E1FBD7D94}.Debug|x64.ActiveCfg = Debug|Any CPU
		{01FD8D81-212A-4FC8-875D-224E1FBD7D94}.Debug|x64.Build.0 = Debug|Any CPU
		{01FD8D81-212A-4FC8-875D-224E1FBD7D94}.Debug|x86.ActiveCfg = Debug|Any CPU
		{01FD8D81-212A-4FC8-875D-224E1FBD7D94}.Debug|x86.Build.0 = Debug|Any CPU
		{01FD8D81-212A-4FC8-875D-224E1FBD7D94}.Release|Any CPU.ActiveCfg = Release|Any CPU
		{01FD8D81-212A-4FC8-875D-224E1FBD7D94}.Release|Any CPU.Build.0 = Release|Any CPU
		{01FD8D81-212A-4FC8-875D-224E1FBD7D94}.Release|x64.ActiveCfg = Release|Any CPU
		{01FD8D81-212A-4FC8-875D-224E1FBD7D94}.Release|x64.Build.0 = Release|Any CPU
		{01FD8D81-212A-4FC8-875D-224E1FBD7D94}.Release|x86.ActiveCfg = Release|Any CPU
		{01FD8D81-212A-4FC8-875D-224E1FBD7D94}.Release|x86.Build.0 = Release|Any CPU
		{5F42F1B8-B621-4891-8206-C613CE2B4492}.Debug|Any CPU.ActiveCfg = Debug|Any CPU
		{5F42F1B8-B621-4891-8206-C613CE2B4492}.Debug|Any CPU.Build.0 = Debug|Any CPU
		{5F42F1B8-B621-4891-8206-C613CE2B4492}.Debug|x64.ActiveCfg = Debug|Any CPU
		{5F42F1B8-B621-4891-8206-C613CE2B4492}.Debug|x64.Build.0 = Debug|Any CPU
		{5F42F1B8-B621-4891-8206-C613CE2B4492}.Debug|x86.ActiveCfg = Debug|Any CPU
		{5F42F1B8-B621-4891-8206-C613CE2B4492}.Debug|x86.Build.0 = Debug|Any CPU
		{5F42F1B8-B621-4891-8206-C613CE2B4492}.Release|Any CPU.ActiveCfg = Release|Any CPU
		{5F42F1B8-B621-4891-8206-C613CE2B4492}.Release|Any CPU.Build.0 = Release|Any CPU
		{5F42F1B8-B621-4891-8206-C613CE2B4492}.Release|x64.ActiveCfg = Release|Any CPU
		{5F42F1B8-B621-4891-8206-C613CE2B4492}.Release|x64.Build.0 = Release|Any CPU
		{5F42F1B8-B621-4891-8206-C613CE2B4492}.Release|x86.ActiveCfg = Release|Any CPU
		{5F42F1B8-B621-4891-8206-C613CE2B4492}.Release|x86.Build.0 = Release|Any CPU
		{431D977C-F4DC-4757-B799-49398E8BCA50}.Debug|Any CPU.ActiveCfg = Debug|Any CPU
		{431D977C-F4DC-4757-B799-49398E8BCA50}.Debug|Any CPU.Build.0 = Debug|Any CPU
		{431D977C-F4DC-4757-B799-49398E8BCA50}.Debug|x64.ActiveCfg = Debug|Any CPU
		{431D977C-F4DC-4757-B799-49398E8BCA50}.Debug|x64.Build.0 = Debug|Any CPU
		{431D977C-F4DC-4757-B799-49398E8BCA50}.Debug|x86.ActiveCfg = Debug|Any CPU
		{431D977C-F4DC-4757-B799-49398E8BCA50}.Debug|x86.Build.0 = Debug|Any CPU
		{431D977C-F4DC-4757-B799-49398E8BCA50}.Release|Any CPU.ActiveCfg = Release|Any CPU
		{431D977C-F4DC-4757-B799-49398E8BCA50}.Release|Any CPU.Build.0 = Release|Any CPU
		{431D977C-F4DC-4757-B799-49398E8BCA50}.Release|x64.ActiveCfg = Release|Any CPU
		{431D977C-F4DC-4757-B799-49398E8BCA50}.Release|x64.Build.0 = Release|Any CPU
		{431D977C-F4DC-4757-B799-49398E8BCA50}.Release|x86.ActiveCfg = Release|Any CPU
		{431D977C-F4DC-4757-B799-49398E8BCA50}.Release|x86.Build.0 = Release|Any CPU
		{0444A44D-8740-4BD7-A16A-C779443C3A8D}.Debug|Any CPU.ActiveCfg = Debug|Any CPU
		{0444A44D-8740-4BD7-A16A-C779443C3A8D}.Debug|Any CPU.Build.0 = Debug|Any CPU
		{0444A44D-8740-4BD7-A16A-C779443C3A8D}.Debug|x64.ActiveCfg = Debug|Any CPU
		{0444A44D-8740-4BD7-A16A-C779443C3A8D}.Debug|x64.Build.0 = Debug|Any CPU
		{0444A44D-8740-4BD7-A16A-C779443C3A8D}.Debug|x86.ActiveCfg = Debug|Any CPU
		{0444A44D-8740-4BD7-A16A-C779443C3A8D}.Debug|x86.Build.0 = Debug|Any CPU
		{0444A44D-8740-4BD7-A16A-C779443C3A8D}.Release|Any CPU.ActiveCfg = Release|Any CPU
		{0444A44D-8740-4BD7-A16A-C779443C3A8D}.Release|Any CPU.Build.0 = Release|Any CPU
		{0444A44D-8740-4BD7-A16A-C779443C3A8D}.Release|x64.ActiveCfg = Release|Any CPU
		{0444A44D-8740-4BD7-A16A-C779443C3A8D}.Release|x64.Build.0 = Release|Any CPU
		{0444A44D-8740-4BD7-A16A-C779443C3A8D}.Release|x86.ActiveCfg = Release|Any CPU
		{0444A44D-8740-4BD7-A16A-C779443C3A8D}.Release|x86.Build.0 = Release|Any CPU
		{FF55A848-AF10-4AE8-B7B1-01185F90EE42}.Debug|Any CPU.ActiveCfg = Debug|Any CPU
		{FF55A848-AF10-4AE8-B7B1-01185F90EE42}.Debug|Any CPU.Build.0 = Debug|Any CPU
		{FF55A848-AF10-4AE8-B7B1-01185F90EE42}.Debug|x64.ActiveCfg = Debug|Any CPU
		{FF55A848-AF10-4AE8-B7B1-01185F90EE42}.Debug|x64.Build.0 = Debug|Any CPU
		{FF55A848-AF10-4AE8-B7B1-01185F90EE42}.Debug|x86.ActiveCfg = Debug|Any CPU
		{FF55A848-AF10-4AE8-B7B1-01185F90EE42}.Debug|x86.Build.0 = Debug|Any CPU
		{FF55A848-AF10-4AE8-B7B1-01185F90EE42}.Release|Any CPU.ActiveCfg = Release|Any CPU
		{FF55A848-AF10-4AE8-B7B1-01185F90EE42}.Release|Any CPU.Build.0 = Release|Any CPU
		{FF55A848-AF10-4AE8-B7B1-01185F90EE42}.Release|x64.ActiveCfg = Release|Any CPU
		{FF55A848-AF10-4AE8-B7B1-01185F90EE42}.Release|x64.Build.0 = Release|Any CPU
		{FF55A848-AF10-4AE8-B7B1-01185F90EE42}.Release|x86.ActiveCfg = Release|Any CPU
		{FF55A848-AF10-4AE8-B7B1-01185F90EE42}.Release|x86.Build.0 = Release|Any CPU
		{02F0D049-DACC-4BA0-845F-7444F0ADBED7}.Debug|Any CPU.ActiveCfg = Debug|Any CPU
		{02F0D049-DACC-4BA0-845F-7444F0ADBED7}.Debug|Any CPU.Build.0 = Debug|Any CPU
		{02F0D049-DACC-4BA0-845F-7444F0ADBED7}.Debug|x64.ActiveCfg = Debug|Any CPU
		{02F0D049-DACC-4BA0-845F-7444F0ADBED7}.Debug|x64.Build.0 = Debug|Any CPU
		{02F0D049-DACC-4BA0-845F-7444F0ADBED7}.Debug|x86.ActiveCfg = Debug|Any CPU
		{02F0D049-DACC-4BA0-845F-7444F0ADBED7}.Debug|x86.Build.0 = Debug|Any CPU
		{02F0D049-DACC-4BA0-845F-7444F0ADBED7}.Release|Any CPU.ActiveCfg = Release|Any CPU
		{02F0D049-DACC-4BA0-845F-7444F0ADBED7}.Release|Any CPU.Build.0 = Release|Any CPU
		{02F0D049-DACC-4BA0-845F-7444F0ADBED7}.Release|x64.ActiveCfg = Release|Any CPU
		{02F0D049-DACC-4BA0-845F-7444F0ADBED7}.Release|x64.Build.0 = Release|Any CPU
		{02F0D049-DACC-4BA0-845F-7444F0ADBED7}.Release|x86.ActiveCfg = Release|Any CPU
		{02F0D049-DACC-4BA0-845F-7444F0ADBED7}.Release|x86.Build.0 = Release|Any CPU
		{1343387C-A853-4041-9209-DFA536305DC5}.Debug|Any CPU.ActiveCfg = Debug|Any CPU
		{1343387C-A853-4041-9209-DFA536305DC5}.Debug|Any CPU.Build.0 = Debug|Any CPU
		{1343387C-A853-4041-9209-DFA536305DC5}.Debug|x64.ActiveCfg = Debug|Any CPU
		{1343387C-A853-4041-9209-DFA536305DC5}.Debug|x64.Build.0 = Debug|Any CPU
		{1343387C-A853-4041-9209-DFA536305DC5}.Debug|x86.ActiveCfg = Debug|Any CPU
		{1343387C-A853-4041-9209-DFA536305DC5}.Debug|x86.Build.0 = Debug|Any CPU
		{1343387C-A853-4041-9209-DFA536305DC5}.Release|Any CPU.ActiveCfg = Release|Any CPU
		{1343387C-A853-4041-9209-DFA536305DC5}.Release|Any CPU.Build.0 = Release|Any CPU
		{1343387C-A853-4041-9209-DFA536305DC5}.Release|x64.ActiveCfg = Release|Any CPU
		{1343387C-A853-4041-9209-DFA536305DC5}.Release|x64.Build.0 = Release|Any CPU
		{1343387C-A853-4041-9209-DFA536305DC5}.Release|x86.ActiveCfg = Release|Any CPU
		{1343387C-A853-4041-9209-DFA536305DC5}.Release|x86.Build.0 = Release|Any CPU
		{8551F05B-5525-4DB9-9B9F-A3A2E26F0326}.Debug|Any CPU.ActiveCfg = Debug|Any CPU
		{8551F05B-5525-4DB9-9B9F-A3A2E26F0326}.Debug|Any CPU.Build.0 = Debug|Any CPU
		{8551F05B-5525-4DB9-9B9F-A3A2E26F0326}.Debug|x64.ActiveCfg = Debug|Any CPU
		{8551F05B-5525-4DB9-9B9F-A3A2E26F0326}.Debug|x64.Build.0 = Debug|Any CPU
		{8551F05B-5525-4DB9-9B9F-A3A2E26F0326}.Debug|x86.ActiveCfg = Debug|Any CPU
		{8551F05B-5525-4DB9-9B9F-A3A2E26F0326}.Debug|x86.Build.0 = Debug|Any CPU
		{8551F05B-5525-4DB9-9B9F-A3A2E26F0326}.Release|Any CPU.ActiveCfg = Release|Any CPU
		{8551F05B-5525-4DB9-9B9F-A3A2E26F0326}.Release|Any CPU.Build.0 = Release|Any CPU
		{8551F05B-5525-4DB9-9B9F-A3A2E26F0326}.Release|x64.ActiveCfg = Release|Any CPU
		{8551F05B-5525-4DB9-9B9F-A3A2E26F0326}.Release|x64.Build.0 = Release|Any CPU
		{8551F05B-5525-4DB9-9B9F-A3A2E26F0326}.Release|x86.ActiveCfg = Release|Any CPU
		{8551F05B-5525-4DB9-9B9F-A3A2E26F0326}.Release|x86.Build.0 = Release|Any CPU
		{F3AD6F4F-2A00-4185-A99D-9802D9F8C2CE}.Debug|Any CPU.ActiveCfg = Debug|Any CPU
		{F3AD6F4F-2A00-4185-A99D-9802D9F8C2CE}.Debug|Any CPU.Build.0 = Debug|Any CPU
		{F3AD6F4F-2A00-4185-A99D-9802D9F8C2CE}.Debug|x64.ActiveCfg = Debug|Any CPU
		{F3AD6F4F-2A00-4185-A99D-9802D9F8C2CE}.Debug|x64.Build.0 = Debug|Any CPU
		{F3AD6F4F-2A00-4185-A99D-9802D9F8C2CE}.Debug|x86.ActiveCfg = Debug|Any CPU
		{F3AD6F4F-2A00-4185-A99D-9802D9F8C2CE}.Debug|x86.Build.0 = Debug|Any CPU
		{F3AD6F4F-2A00-4185-A99D-9802D9F8C2CE}.Release|Any CPU.ActiveCfg = Release|Any CPU
		{F3AD6F4F-2A00-4185-A99D-9802D9F8C2CE}.Release|Any CPU.Build.0 = Release|Any CPU
		{F3AD6F4F-2A00-4185-A99D-9802D9F8C2CE}.Release|x64.ActiveCfg = Release|Any CPU
		{F3AD6F4F-2A00-4185-A99D-9802D9F8C2CE}.Release|x64.Build.0 = Release|Any CPU
		{F3AD6F4F-2A00-4185-A99D-9802D9F8C2CE}.Release|x86.ActiveCfg = Release|Any CPU
		{F3AD6F4F-2A00-4185-A99D-9802D9F8C2CE}.Release|x86.Build.0 = Release|Any CPU
		{A6F32FDC-C664-4E19-9B7A-BDDC24E11980}.Debug|Any CPU.ActiveCfg = Debug|Any CPU
		{A6F32FDC-C664-4E19-9B7A-BDDC24E11980}.Debug|Any CPU.Build.0 = Debug|Any CPU
		{A6F32FDC-C664-4E19-9B7A-BDDC24E11980}.Debug|x64.ActiveCfg = Debug|Any CPU
		{A6F32FDC-C664-4E19-9B7A-BDDC24E11980}.Debug|x64.Build.0 = Debug|Any CPU
		{A6F32FDC-C664-4E19-9B7A-BDDC24E11980}.Debug|x86.ActiveCfg = Debug|Any CPU
		{A6F32FDC-C664-4E19-9B7A-BDDC24E11980}.Debug|x86.Build.0 = Debug|Any CPU
		{A6F32FDC-C664-4E19-9B7A-BDDC24E11980}.Release|Any CPU.ActiveCfg = Release|Any CPU
		{A6F32FDC-C664-4E19-9B7A-BDDC24E11980}.Release|Any CPU.Build.0 = Release|Any CPU
		{A6F32FDC-C664-4E19-9B7A-BDDC24E11980}.Release|x64.ActiveCfg = Release|Any CPU
		{A6F32FDC-C664-4E19-9B7A-BDDC24E11980}.Release|x64.Build.0 = Release|Any CPU
		{A6F32FDC-C664-4E19-9B7A-BDDC24E11980}.Release|x86.ActiveCfg = Release|Any CPU
		{A6F32FDC-C664-4E19-9B7A-BDDC24E11980}.Release|x86.Build.0 = Release|Any CPU
		{E304ED74-F5C0-4C46-8701-B2910A8121D9}.Debug|Any CPU.ActiveCfg = Debug|Any CPU
		{E304ED74-F5C0-4C46-8701-B2910A8121D9}.Debug|Any CPU.Build.0 = Debug|Any CPU
		{E304ED74-F5C0-4C46-8701-B2910A8121D9}.Debug|x64.ActiveCfg = Debug|Any CPU
		{E304ED74-F5C0-4C46-8701-B2910A8121D9}.Debug|x64.Build.0 = Debug|Any CPU
		{E304ED74-F5C0-4C46-8701-B2910A8121D9}.Debug|x86.ActiveCfg = Debug|Any CPU
		{E304ED74-F5C0-4C46-8701-B2910A8121D9}.Debug|x86.Build.0 = Debug|Any CPU
		{E304ED74-F5C0-4C46-8701-B2910A8121D9}.Release|Any CPU.ActiveCfg = Release|Any CPU
		{E304ED74-F5C0-4C46-8701-B2910A8121D9}.Release|Any CPU.Build.0 = Release|Any CPU
		{E304ED74-F5C0-4C46-8701-B2910A8121D9}.Release|x64.ActiveCfg = Release|Any CPU
		{E304ED74-F5C0-4C46-8701-B2910A8121D9}.Release|x64.Build.0 = Release|Any CPU
		{E304ED74-F5C0-4C46-8701-B2910A8121D9}.Release|x86.ActiveCfg = Release|Any CPU
		{E304ED74-F5C0-4C46-8701-B2910A8121D9}.Release|x86.Build.0 = Release|Any CPU
		{CBA36D25-5A6A-48EA-BBDF-589E63B3033B}.Debug|Any CPU.ActiveCfg = Debug|Any CPU
		{CBA36D25-5A6A-48EA-BBDF-589E63B3033B}.Debug|Any CPU.Build.0 = Debug|Any CPU
		{CBA36D25-5A6A-48EA-BBDF-589E63B3033B}.Debug|x64.ActiveCfg = Debug|Any CPU
		{CBA36D25-5A6A-48EA-BBDF-589E63B3033B}.Debug|x64.Build.0 = Debug|Any CPU
		{CBA36D25-5A6A-48EA-BBDF-589E63B3033B}.Debug|x86.ActiveCfg = Debug|Any CPU
		{CBA36D25-5A6A-48EA-BBDF-589E63B3033B}.Debug|x86.Build.0 = Debug|Any CPU
		{CBA36D25-5A6A-48EA-BBDF-589E63B3033B}.Release|Any CPU.ActiveCfg = Release|Any CPU
		{CBA36D25-5A6A-48EA-BBDF-589E63B3033B}.Release|Any CPU.Build.0 = Release|Any CPU
		{CBA36D25-5A6A-48EA-BBDF-589E63B3033B}.Release|x64.ActiveCfg = Release|Any CPU
		{CBA36D25-5A6A-48EA-BBDF-589E63B3033B}.Release|x64.Build.0 = Release|Any CPU
		{CBA36D25-5A6A-48EA-BBDF-589E63B3033B}.Release|x86.ActiveCfg = Release|Any CPU
		{CBA36D25-5A6A-48EA-BBDF-589E63B3033B}.Release|x86.Build.0 = Release|Any CPU
		{EB2D1AF6-040A-4368-994A-504D3829587F}.Debug|Any CPU.ActiveCfg = Debug|Any CPU
		{EB2D1AF6-040A-4368-994A-504D3829587F}.Debug|Any CPU.Build.0 = Debug|Any CPU
		{EB2D1AF6-040A-4368-994A-504D3829587F}.Debug|x64.ActiveCfg = Debug|Any CPU
		{EB2D1AF6-040A-4368-994A-504D3829587F}.Debug|x64.Build.0 = Debug|Any CPU
		{EB2D1AF6-040A-4368-994A-504D3829587F}.Debug|x86.ActiveCfg = Debug|Any CPU
		{EB2D1AF6-040A-4368-994A-504D3829587F}.Debug|x86.Build.0 = Debug|Any CPU
		{EB2D1AF6-040A-4368-994A-504D3829587F}.Release|Any CPU.ActiveCfg = Release|Any CPU
		{EB2D1AF6-040A-4368-994A-504D3829587F}.Release|Any CPU.Build.0 = Release|Any CPU
		{EB2D1AF6-040A-4368-994A-504D3829587F}.Release|x64.ActiveCfg = Release|Any CPU
		{EB2D1AF6-040A-4368-994A-504D3829587F}.Release|x64.Build.0 = Release|Any CPU
		{EB2D1AF6-040A-4368-994A-504D3829587F}.Release|x86.ActiveCfg = Release|Any CPU
		{EB2D1AF6-040A-4368-994A-504D3829587F}.Release|x86.Build.0 = Release|Any CPU
		{54DA7676-0266-4AA0-AB67-7B6D7FF40BD0}.Debug|Any CPU.ActiveCfg = Debug|Any CPU
		{54DA7676-0266-4AA0-AB67-7B6D7FF40BD0}.Debug|Any CPU.Build.0 = Debug|Any CPU
		{54DA7676-0266-4AA0-AB67-7B6D7FF40BD0}.Debug|x64.ActiveCfg = Debug|Any CPU
		{54DA7676-0266-4AA0-AB67-7B6D7FF40BD0}.Debug|x64.Build.0 = Debug|Any CPU
		{54DA7676-0266-4AA0-AB67-7B6D7FF40BD0}.Debug|x86.ActiveCfg = Debug|Any CPU
		{54DA7676-0266-4AA0-AB67-7B6D7FF40BD0}.Debug|x86.Build.0 = Debug|Any CPU
		{54DA7676-0266-4AA0-AB67-7B6D7FF40BD0}.Release|Any CPU.ActiveCfg = Release|Any CPU
		{54DA7676-0266-4AA0-AB67-7B6D7FF40BD0}.Release|Any CPU.Build.0 = Release|Any CPU
		{54DA7676-0266-4AA0-AB67-7B6D7FF40BD0}.Release|x64.ActiveCfg = Release|Any CPU
		{54DA7676-0266-4AA0-AB67-7B6D7FF40BD0}.Release|x64.Build.0 = Release|Any CPU
		{54DA7676-0266-4AA0-AB67-7B6D7FF40BD0}.Release|x86.ActiveCfg = Release|Any CPU
		{54DA7676-0266-4AA0-AB67-7B6D7FF40BD0}.Release|x86.Build.0 = Release|Any CPU
		{31EBC9E1-20D6-496B-BB21-A042975C6D59}.Debug|Any CPU.ActiveCfg = Debug|Any CPU
		{31EBC9E1-20D6-496B-BB21-A042975C6D59}.Debug|Any CPU.Build.0 = Debug|Any CPU
		{31EBC9E1-20D6-496B-BB21-A042975C6D59}.Debug|x64.ActiveCfg = Debug|Any CPU
		{31EBC9E1-20D6-496B-BB21-A042975C6D59}.Debug|x64.Build.0 = Debug|Any CPU
		{31EBC9E1-20D6-496B-BB21-A042975C6D59}.Debug|x86.ActiveCfg = Debug|Any CPU
		{31EBC9E1-20D6-496B-BB21-A042975C6D59}.Debug|x86.Build.0 = Debug|Any CPU
		{31EBC9E1-20D6-496B-BB21-A042975C6D59}.Release|Any CPU.ActiveCfg = Release|Any CPU
		{31EBC9E1-20D6-496B-BB21-A042975C6D59}.Release|Any CPU.Build.0 = Release|Any CPU
		{31EBC9E1-20D6-496B-BB21-A042975C6D59}.Release|x64.ActiveCfg = Release|Any CPU
		{31EBC9E1-20D6-496B-BB21-A042975C6D59}.Release|x64.Build.0 = Release|Any CPU
		{31EBC9E1-20D6-496B-BB21-A042975C6D59}.Release|x86.ActiveCfg = Release|Any CPU
		{31EBC9E1-20D6-496B-BB21-A042975C6D59}.Release|x86.Build.0 = Release|Any CPU
		{BE0E222D-7C3F-43FE-93AD-F7A42B0C91B4}.Debug|Any CPU.ActiveCfg = Debug|Any CPU
		{BE0E222D-7C3F-43FE-93AD-F7A42B0C91B4}.Debug|Any CPU.Build.0 = Debug|Any CPU
		{BE0E222D-7C3F-43FE-93AD-F7A42B0C91B4}.Debug|x64.ActiveCfg = Debug|Any CPU
		{BE0E222D-7C3F-43FE-93AD-F7A42B0C91B4}.Debug|x64.Build.0 = Debug|Any CPU
		{BE0E222D-7C3F-43FE-93AD-F7A42B0C91B4}.Debug|x86.ActiveCfg = Debug|Any CPU
		{BE0E222D-7C3F-43FE-93AD-F7A42B0C91B4}.Debug|x86.Build.0 = Debug|Any CPU
		{BE0E222D-7C3F-43FE-93AD-F7A42B0C91B4}.Release|Any CPU.ActiveCfg = Release|Any CPU
		{BE0E222D-7C3F-43FE-93AD-F7A42B0C91B4}.Release|Any CPU.Build.0 = Release|Any CPU
		{BE0E222D-7C3F-43FE-93AD-F7A42B0C91B4}.Release|x64.ActiveCfg = Release|Any CPU
		{BE0E222D-7C3F-43FE-93AD-F7A42B0C91B4}.Release|x64.Build.0 = Release|Any CPU
		{BE0E222D-7C3F-43FE-93AD-F7A42B0C91B4}.Release|x86.ActiveCfg = Release|Any CPU
		{BE0E222D-7C3F-43FE-93AD-F7A42B0C91B4}.Release|x86.Build.0 = Release|Any CPU
		{9B3BB48B-2CAF-4E49-A900-5E08217DA078}.Debug|Any CPU.ActiveCfg = Debug|Any CPU
		{9B3BB48B-2CAF-4E49-A900-5E08217DA078}.Debug|Any CPU.Build.0 = Debug|Any CPU
		{9B3BB48B-2CAF-4E49-A900-5E08217DA078}.Debug|x64.ActiveCfg = Debug|Any CPU
		{9B3BB48B-2CAF-4E49-A900-5E08217DA078}.Debug|x64.Build.0 = Debug|Any CPU
		{9B3BB48B-2CAF-4E49-A900-5E08217DA078}.Debug|x86.ActiveCfg = Debug|x86
		{9B3BB48B-2CAF-4E49-A900-5E08217DA078}.Debug|x86.Build.0 = Debug|x86
		{9B3BB48B-2CAF-4E49-A900-5E08217DA078}.Release|Any CPU.ActiveCfg = Release|Any CPU
		{9B3BB48B-2CAF-4E49-A900-5E08217DA078}.Release|Any CPU.Build.0 = Release|Any CPU
		{9B3BB48B-2CAF-4E49-A900-5E08217DA078}.Release|x64.ActiveCfg = Release|Any CPU
		{9B3BB48B-2CAF-4E49-A900-5E08217DA078}.Release|x64.Build.0 = Release|Any CPU
		{9B3BB48B-2CAF-4E49-A900-5E08217DA078}.Release|x86.ActiveCfg = Release|x86
		{9B3BB48B-2CAF-4E49-A900-5E08217DA078}.Release|x86.Build.0 = Release|x86
		{C5ADAACC-A72D-4FAA-B92C-FA0FE1A3935C}.Debug|Any CPU.ActiveCfg = Debug|Any CPU
		{C5ADAACC-A72D-4FAA-B92C-FA0FE1A3935C}.Debug|Any CPU.Build.0 = Debug|Any CPU
		{C5ADAACC-A72D-4FAA-B92C-FA0FE1A3935C}.Debug|x64.ActiveCfg = Debug|Any CPU
		{C5ADAACC-A72D-4FAA-B92C-FA0FE1A3935C}.Debug|x64.Build.0 = Debug|Any CPU
		{C5ADAACC-A72D-4FAA-B92C-FA0FE1A3935C}.Debug|x86.ActiveCfg = Debug|Any CPU
		{C5ADAACC-A72D-4FAA-B92C-FA0FE1A3935C}.Debug|x86.Build.0 = Debug|Any CPU
		{C5ADAACC-A72D-4FAA-B92C-FA0FE1A3935C}.Release|Any CPU.ActiveCfg = Release|Any CPU
		{C5ADAACC-A72D-4FAA-B92C-FA0FE1A3935C}.Release|Any CPU.Build.0 = Release|Any CPU
		{C5ADAACC-A72D-4FAA-B92C-FA0FE1A3935C}.Release|x64.ActiveCfg = Release|Any CPU
		{C5ADAACC-A72D-4FAA-B92C-FA0FE1A3935C}.Release|x64.Build.0 = Release|Any CPU
		{C5ADAACC-A72D-4FAA-B92C-FA0FE1A3935C}.Release|x86.ActiveCfg = Release|Any CPU
		{C5ADAACC-A72D-4FAA-B92C-FA0FE1A3935C}.Release|x86.Build.0 = Release|Any CPU
		{F40EF040-7AC8-4532-9878-E4C5CD9AFDDD}.Debug|Any CPU.ActiveCfg = Debug|Any CPU
		{F40EF040-7AC8-4532-9878-E4C5CD9AFDDD}.Debug|Any CPU.Build.0 = Debug|Any CPU
		{F40EF040-7AC8-4532-9878-E4C5CD9AFDDD}.Debug|x64.ActiveCfg = Debug|Any CPU
		{F40EF040-7AC8-4532-9878-E4C5CD9AFDDD}.Debug|x64.Build.0 = Debug|Any CPU
		{F40EF040-7AC8-4532-9878-E4C5CD9AFDDD}.Debug|x86.ActiveCfg = Debug|Any CPU
		{F40EF040-7AC8-4532-9878-E4C5CD9AFDDD}.Debug|x86.Build.0 = Debug|Any CPU
		{F40EF040-7AC8-4532-9878-E4C5CD9AFDDD}.Release|Any CPU.ActiveCfg = Release|Any CPU
		{F40EF040-7AC8-4532-9878-E4C5CD9AFDDD}.Release|Any CPU.Build.0 = Release|Any CPU
		{F40EF040-7AC8-4532-9878-E4C5CD9AFDDD}.Release|x64.ActiveCfg = Release|Any CPU
		{F40EF040-7AC8-4532-9878-E4C5CD9AFDDD}.Release|x64.Build.0 = Release|Any CPU
		{F40EF040-7AC8-4532-9878-E4C5CD9AFDDD}.Release|x86.ActiveCfg = Release|Any CPU
		{F40EF040-7AC8-4532-9878-E4C5CD9AFDDD}.Release|x86.Build.0 = Release|Any CPU
		{9D3AB9D5-7A02-4D8E-8853-45BA1E998C8D}.Debug|Any CPU.ActiveCfg = Debug|Any CPU
		{9D3AB9D5-7A02-4D8E-8853-45BA1E998C8D}.Debug|Any CPU.Build.0 = Debug|Any CPU
		{9D3AB9D5-7A02-4D8E-8853-45BA1E998C8D}.Debug|x64.ActiveCfg = Debug|Any CPU
		{9D3AB9D5-7A02-4D8E-8853-45BA1E998C8D}.Debug|x64.Build.0 = Debug|Any CPU
		{9D3AB9D5-7A02-4D8E-8853-45BA1E998C8D}.Debug|x86.ActiveCfg = Debug|Any CPU
		{9D3AB9D5-7A02-4D8E-8853-45BA1E998C8D}.Debug|x86.Build.0 = Debug|Any CPU
		{9D3AB9D5-7A02-4D8E-8853-45BA1E998C8D}.Release|Any CPU.ActiveCfg = Release|Any CPU
		{9D3AB9D5-7A02-4D8E-8853-45BA1E998C8D}.Release|Any CPU.Build.0 = Release|Any CPU
		{9D3AB9D5-7A02-4D8E-8853-45BA1E998C8D}.Release|x64.ActiveCfg = Release|Any CPU
		{9D3AB9D5-7A02-4D8E-8853-45BA1E998C8D}.Release|x64.Build.0 = Release|Any CPU
		{9D3AB9D5-7A02-4D8E-8853-45BA1E998C8D}.Release|x86.ActiveCfg = Release|Any CPU
		{9D3AB9D5-7A02-4D8E-8853-45BA1E998C8D}.Release|x86.Build.0 = Release|Any CPU
		{B2E31B10-BC8A-4E0D-AF32-7AFF931AFADF}.Debug|Any CPU.ActiveCfg = Debug|Any CPU
		{B2E31B10-BC8A-4E0D-AF32-7AFF931AFADF}.Debug|Any CPU.Build.0 = Debug|Any CPU
		{B2E31B10-BC8A-4E0D-AF32-7AFF931AFADF}.Debug|x64.ActiveCfg = Debug|Any CPU
		{B2E31B10-BC8A-4E0D-AF32-7AFF931AFADF}.Debug|x64.Build.0 = Debug|Any CPU
		{B2E31B10-BC8A-4E0D-AF32-7AFF931AFADF}.Debug|x86.ActiveCfg = Debug|Any CPU
		{B2E31B10-BC8A-4E0D-AF32-7AFF931AFADF}.Debug|x86.Build.0 = Debug|Any CPU
		{B2E31B10-BC8A-4E0D-AF32-7AFF931AFADF}.Release|Any CPU.ActiveCfg = Release|Any CPU
		{B2E31B10-BC8A-4E0D-AF32-7AFF931AFADF}.Release|Any CPU.Build.0 = Release|Any CPU
		{B2E31B10-BC8A-4E0D-AF32-7AFF931AFADF}.Release|x64.ActiveCfg = Release|Any CPU
		{B2E31B10-BC8A-4E0D-AF32-7AFF931AFADF}.Release|x64.Build.0 = Release|Any CPU
		{B2E31B10-BC8A-4E0D-AF32-7AFF931AFADF}.Release|x86.ActiveCfg = Release|Any CPU
		{B2E31B10-BC8A-4E0D-AF32-7AFF931AFADF}.Release|x86.Build.0 = Release|Any CPU
		{4354C3F5-EC31-48E7-83D1-8F3250458404}.Debug|Any CPU.ActiveCfg = Debug|Any CPU
		{4354C3F5-EC31-48E7-83D1-8F3250458404}.Debug|Any CPU.Build.0 = Debug|Any CPU
		{4354C3F5-EC31-48E7-83D1-8F3250458404}.Debug|x64.ActiveCfg = Debug|Any CPU
		{4354C3F5-EC31-48E7-83D1-8F3250458404}.Debug|x64.Build.0 = Debug|Any CPU
		{4354C3F5-EC31-48E7-83D1-8F3250458404}.Debug|x86.ActiveCfg = Debug|Any CPU
		{4354C3F5-EC31-48E7-83D1-8F3250458404}.Debug|x86.Build.0 = Debug|Any CPU
		{4354C3F5-EC31-48E7-83D1-8F3250458404}.Release|Any CPU.ActiveCfg = Release|Any CPU
		{4354C3F5-EC31-48E7-83D1-8F3250458404}.Release|Any CPU.Build.0 = Release|Any CPU
		{4354C3F5-EC31-48E7-83D1-8F3250458404}.Release|x64.ActiveCfg = Release|Any CPU
		{4354C3F5-EC31-48E7-83D1-8F3250458404}.Release|x64.Build.0 = Release|Any CPU
		{4354C3F5-EC31-48E7-83D1-8F3250458404}.Release|x86.ActiveCfg = Release|Any CPU
		{4354C3F5-EC31-48E7-83D1-8F3250458404}.Release|x86.Build.0 = Release|Any CPU
		{FF9E5E2B-F9C0-4D03-BBE6-CB8C90B40029}.Debug|Any CPU.ActiveCfg = Debug|Any CPU
		{FF9E5E2B-F9C0-4D03-BBE6-CB8C90B40029}.Debug|Any CPU.Build.0 = Debug|Any CPU
		{FF9E5E2B-F9C0-4D03-BBE6-CB8C90B40029}.Debug|x64.ActiveCfg = Debug|Any CPU
		{FF9E5E2B-F9C0-4D03-BBE6-CB8C90B40029}.Debug|x64.Build.0 = Debug|Any CPU
		{FF9E5E2B-F9C0-4D03-BBE6-CB8C90B40029}.Debug|x86.ActiveCfg = Debug|Any CPU
		{FF9E5E2B-F9C0-4D03-BBE6-CB8C90B40029}.Debug|x86.Build.0 = Debug|Any CPU
		{FF9E5E2B-F9C0-4D03-BBE6-CB8C90B40029}.Release|Any CPU.ActiveCfg = Release|Any CPU
		{FF9E5E2B-F9C0-4D03-BBE6-CB8C90B40029}.Release|Any CPU.Build.0 = Release|Any CPU
		{FF9E5E2B-F9C0-4D03-BBE6-CB8C90B40029}.Release|x64.ActiveCfg = Release|Any CPU
		{FF9E5E2B-F9C0-4D03-BBE6-CB8C90B40029}.Release|x64.Build.0 = Release|Any CPU
		{FF9E5E2B-F9C0-4D03-BBE6-CB8C90B40029}.Release|x86.ActiveCfg = Release|Any CPU
		{FF9E5E2B-F9C0-4D03-BBE6-CB8C90B40029}.Release|x86.Build.0 = Release|Any CPU
		{707C292E-6BB7-43A8-B725-6627FCE4B6E0}.Debug|Any CPU.ActiveCfg = Debug|Any CPU
		{707C292E-6BB7-43A8-B725-6627FCE4B6E0}.Debug|Any CPU.Build.0 = Debug|Any CPU
		{707C292E-6BB7-43A8-B725-6627FCE4B6E0}.Debug|x64.ActiveCfg = Debug|Any CPU
		{707C292E-6BB7-43A8-B725-6627FCE4B6E0}.Debug|x64.Build.0 = Debug|Any CPU
		{707C292E-6BB7-43A8-B725-6627FCE4B6E0}.Debug|x86.ActiveCfg = Debug|Any CPU
		{707C292E-6BB7-43A8-B725-6627FCE4B6E0}.Debug|x86.Build.0 = Debug|Any CPU
		{707C292E-6BB7-43A8-B725-6627FCE4B6E0}.Release|Any CPU.ActiveCfg = Release|Any CPU
		{707C292E-6BB7-43A8-B725-6627FCE4B6E0}.Release|Any CPU.Build.0 = Release|Any CPU
		{707C292E-6BB7-43A8-B725-6627FCE4B6E0}.Release|x64.ActiveCfg = Release|Any CPU
		{707C292E-6BB7-43A8-B725-6627FCE4B6E0}.Release|x64.Build.0 = Release|Any CPU
		{707C292E-6BB7-43A8-B725-6627FCE4B6E0}.Release|x86.ActiveCfg = Release|Any CPU
		{707C292E-6BB7-43A8-B725-6627FCE4B6E0}.Release|x86.Build.0 = Release|Any CPU
		{6A595CE2-5171-4FAD-8ACB-C61342A8CDF2}.Debug|Any CPU.ActiveCfg = Debug|Any CPU
		{6A595CE2-5171-4FAD-8ACB-C61342A8CDF2}.Debug|Any CPU.Build.0 = Debug|Any CPU
		{6A595CE2-5171-4FAD-8ACB-C61342A8CDF2}.Debug|x64.ActiveCfg = Debug|Any CPU
		{6A595CE2-5171-4FAD-8ACB-C61342A8CDF2}.Debug|x64.Build.0 = Debug|Any CPU
		{6A595CE2-5171-4FAD-8ACB-C61342A8CDF2}.Debug|x86.ActiveCfg = Debug|Any CPU
		{6A595CE2-5171-4FAD-8ACB-C61342A8CDF2}.Debug|x86.Build.0 = Debug|Any CPU
		{6A595CE2-5171-4FAD-8ACB-C61342A8CDF2}.Release|Any CPU.ActiveCfg = Release|Any CPU
		{6A595CE2-5171-4FAD-8ACB-C61342A8CDF2}.Release|Any CPU.Build.0 = Release|Any CPU
		{6A595CE2-5171-4FAD-8ACB-C61342A8CDF2}.Release|x64.ActiveCfg = Release|Any CPU
		{6A595CE2-5171-4FAD-8ACB-C61342A8CDF2}.Release|x64.Build.0 = Release|Any CPU
		{6A595CE2-5171-4FAD-8ACB-C61342A8CDF2}.Release|x86.ActiveCfg = Release|Any CPU
		{6A595CE2-5171-4FAD-8ACB-C61342A8CDF2}.Release|x86.Build.0 = Release|Any CPU
		{FEF9AE18-421F-4384-A4F1-0B133ED9C775}.Debug|Any CPU.ActiveCfg = Debug|Any CPU
		{FEF9AE18-421F-4384-A4F1-0B133ED9C775}.Debug|Any CPU.Build.0 = Debug|Any CPU
		{FEF9AE18-421F-4384-A4F1-0B133ED9C775}.Debug|x64.ActiveCfg = Debug|Any CPU
		{FEF9AE18-421F-4384-A4F1-0B133ED9C775}.Debug|x64.Build.0 = Debug|Any CPU
		{FEF9AE18-421F-4384-A4F1-0B133ED9C775}.Debug|x86.ActiveCfg = Debug|Any CPU
		{FEF9AE18-421F-4384-A4F1-0B133ED9C775}.Debug|x86.Build.0 = Debug|Any CPU
		{FEF9AE18-421F-4384-A4F1-0B133ED9C775}.Release|Any CPU.ActiveCfg = Release|Any CPU
		{FEF9AE18-421F-4384-A4F1-0B133ED9C775}.Release|Any CPU.Build.0 = Release|Any CPU
		{FEF9AE18-421F-4384-A4F1-0B133ED9C775}.Release|x64.ActiveCfg = Release|Any CPU
		{FEF9AE18-421F-4384-A4F1-0B133ED9C775}.Release|x64.Build.0 = Release|Any CPU
		{FEF9AE18-421F-4384-A4F1-0B133ED9C775}.Release|x86.ActiveCfg = Release|Any CPU
		{FEF9AE18-421F-4384-A4F1-0B133ED9C775}.Release|x86.Build.0 = Release|Any CPU
		{4AF957C1-1968-4064-BBE1-B80B5F3533EA}.Debug|Any CPU.ActiveCfg = Debug|Any CPU
		{4AF957C1-1968-4064-BBE1-B80B5F3533EA}.Debug|Any CPU.Build.0 = Debug|Any CPU
		{4AF957C1-1968-4064-BBE1-B80B5F3533EA}.Debug|x64.ActiveCfg = Debug|Any CPU
		{4AF957C1-1968-4064-BBE1-B80B5F3533EA}.Debug|x64.Build.0 = Debug|Any CPU
		{4AF957C1-1968-4064-BBE1-B80B5F3533EA}.Debug|x86.ActiveCfg = Debug|Any CPU
		{4AF957C1-1968-4064-BBE1-B80B5F3533EA}.Debug|x86.Build.0 = Debug|Any CPU
		{4AF957C1-1968-4064-BBE1-B80B5F3533EA}.Release|Any CPU.ActiveCfg = Release|Any CPU
		{4AF957C1-1968-4064-BBE1-B80B5F3533EA}.Release|Any CPU.Build.0 = Release|Any CPU
		{4AF957C1-1968-4064-BBE1-B80B5F3533EA}.Release|x64.ActiveCfg = Release|Any CPU
		{4AF957C1-1968-4064-BBE1-B80B5F3533EA}.Release|x64.Build.0 = Release|Any CPU
		{4AF957C1-1968-4064-BBE1-B80B5F3533EA}.Release|x86.ActiveCfg = Release|Any CPU
		{4AF957C1-1968-4064-BBE1-B80B5F3533EA}.Release|x86.Build.0 = Release|Any CPU
		{C44F323F-DD72-463D-8302-7C7DE2393F43}.Debug|Any CPU.ActiveCfg = Debug|Any CPU
		{C44F323F-DD72-463D-8302-7C7DE2393F43}.Debug|Any CPU.Build.0 = Debug|Any CPU
		{C44F323F-DD72-463D-8302-7C7DE2393F43}.Debug|x64.ActiveCfg = Debug|Any CPU
		{C44F323F-DD72-463D-8302-7C7DE2393F43}.Debug|x64.Build.0 = Debug|Any CPU
		{C44F323F-DD72-463D-8302-7C7DE2393F43}.Debug|x86.ActiveCfg = Debug|Any CPU
		{C44F323F-DD72-463D-8302-7C7DE2393F43}.Debug|x86.Build.0 = Debug|Any CPU
		{C44F323F-DD72-463D-8302-7C7DE2393F43}.Release|Any CPU.ActiveCfg = Release|Any CPU
		{C44F323F-DD72-463D-8302-7C7DE2393F43}.Release|Any CPU.Build.0 = Release|Any CPU
		{C44F323F-DD72-463D-8302-7C7DE2393F43}.Release|x64.ActiveCfg = Release|Any CPU
		{C44F323F-DD72-463D-8302-7C7DE2393F43}.Release|x64.Build.0 = Release|Any CPU
		{C44F323F-DD72-463D-8302-7C7DE2393F43}.Release|x86.ActiveCfg = Release|Any CPU
		{C44F323F-DD72-463D-8302-7C7DE2393F43}.Release|x86.Build.0 = Release|Any CPU
		{032534EB-E4C0-4E0A-BFC2-F815698958D4}.Debug|Any CPU.ActiveCfg = Debug|Any CPU
		{032534EB-E4C0-4E0A-BFC2-F815698958D4}.Debug|Any CPU.Build.0 = Debug|Any CPU
		{032534EB-E4C0-4E0A-BFC2-F815698958D4}.Debug|x64.ActiveCfg = Debug|Any CPU
		{032534EB-E4C0-4E0A-BFC2-F815698958D4}.Debug|x64.Build.0 = Debug|Any CPU
		{032534EB-E4C0-4E0A-BFC2-F815698958D4}.Debug|x86.ActiveCfg = Debug|Any CPU
		{032534EB-E4C0-4E0A-BFC2-F815698958D4}.Debug|x86.Build.0 = Debug|Any CPU
		{032534EB-E4C0-4E0A-BFC2-F815698958D4}.Release|Any CPU.ActiveCfg = Release|Any CPU
		{032534EB-E4C0-4E0A-BFC2-F815698958D4}.Release|Any CPU.Build.0 = Release|Any CPU
		{032534EB-E4C0-4E0A-BFC2-F815698958D4}.Release|x64.ActiveCfg = Release|Any CPU
		{032534EB-E4C0-4E0A-BFC2-F815698958D4}.Release|x64.Build.0 = Release|Any CPU
		{032534EB-E4C0-4E0A-BFC2-F815698958D4}.Release|x86.ActiveCfg = Release|Any CPU
		{032534EB-E4C0-4E0A-BFC2-F815698958D4}.Release|x86.Build.0 = Release|Any CPU
		{D8670244-45A9-4201-B104-ADA8B8F5D826}.Debug|Any CPU.ActiveCfg = Debug|Any CPU
		{D8670244-45A9-4201-B104-ADA8B8F5D826}.Debug|Any CPU.Build.0 = Debug|Any CPU
		{D8670244-45A9-4201-B104-ADA8B8F5D826}.Debug|x64.ActiveCfg = Debug|Any CPU
		{D8670244-45A9-4201-B104-ADA8B8F5D826}.Debug|x64.Build.0 = Debug|Any CPU
		{D8670244-45A9-4201-B104-ADA8B8F5D826}.Debug|x86.ActiveCfg = Debug|Any CPU
		{D8670244-45A9-4201-B104-ADA8B8F5D826}.Debug|x86.Build.0 = Debug|Any CPU
		{D8670244-45A9-4201-B104-ADA8B8F5D826}.Release|Any CPU.ActiveCfg = Release|Any CPU
		{D8670244-45A9-4201-B104-ADA8B8F5D826}.Release|Any CPU.Build.0 = Release|Any CPU
		{D8670244-45A9-4201-B104-ADA8B8F5D826}.Release|x64.ActiveCfg = Release|Any CPU
		{D8670244-45A9-4201-B104-ADA8B8F5D826}.Release|x64.Build.0 = Release|Any CPU
		{D8670244-45A9-4201-B104-ADA8B8F5D826}.Release|x86.ActiveCfg = Release|Any CPU
		{D8670244-45A9-4201-B104-ADA8B8F5D826}.Release|x86.Build.0 = Release|Any CPU
		{23B3158E-3AE0-40B5-85E1-80C69EDB2DB1}.Debug|Any CPU.ActiveCfg = Debug|Any CPU
		{23B3158E-3AE0-40B5-85E1-80C69EDB2DB1}.Debug|Any CPU.Build.0 = Debug|Any CPU
		{23B3158E-3AE0-40B5-85E1-80C69EDB2DB1}.Debug|x64.ActiveCfg = Debug|Any CPU
		{23B3158E-3AE0-40B5-85E1-80C69EDB2DB1}.Debug|x64.Build.0 = Debug|Any CPU
		{23B3158E-3AE0-40B5-85E1-80C69EDB2DB1}.Debug|x86.ActiveCfg = Debug|Any CPU
		{23B3158E-3AE0-40B5-85E1-80C69EDB2DB1}.Debug|x86.Build.0 = Debug|Any CPU
		{23B3158E-3AE0-40B5-85E1-80C69EDB2DB1}.Release|Any CPU.ActiveCfg = Release|Any CPU
		{23B3158E-3AE0-40B5-85E1-80C69EDB2DB1}.Release|Any CPU.Build.0 = Release|Any CPU
		{23B3158E-3AE0-40B5-85E1-80C69EDB2DB1}.Release|x64.ActiveCfg = Release|Any CPU
		{23B3158E-3AE0-40B5-85E1-80C69EDB2DB1}.Release|x64.Build.0 = Release|Any CPU
		{23B3158E-3AE0-40B5-85E1-80C69EDB2DB1}.Release|x86.ActiveCfg = Release|Any CPU
		{23B3158E-3AE0-40B5-85E1-80C69EDB2DB1}.Release|x86.Build.0 = Release|Any CPU
		{6208832E-9F8D-4708-940F-CD90FBDA197C}.Debug|Any CPU.ActiveCfg = Debug|Any CPU
		{6208832E-9F8D-4708-940F-CD90FBDA197C}.Debug|Any CPU.Build.0 = Debug|Any CPU
		{6208832E-9F8D-4708-940F-CD90FBDA197C}.Debug|x64.ActiveCfg = Debug|Any CPU
		{6208832E-9F8D-4708-940F-CD90FBDA197C}.Debug|x64.Build.0 = Debug|Any CPU
		{6208832E-9F8D-4708-940F-CD90FBDA197C}.Debug|x86.ActiveCfg = Debug|Any CPU
		{6208832E-9F8D-4708-940F-CD90FBDA197C}.Debug|x86.Build.0 = Debug|Any CPU
		{6208832E-9F8D-4708-940F-CD90FBDA197C}.Release|Any CPU.ActiveCfg = Release|Any CPU
		{6208832E-9F8D-4708-940F-CD90FBDA197C}.Release|Any CPU.Build.0 = Release|Any CPU
		{6208832E-9F8D-4708-940F-CD90FBDA197C}.Release|x64.ActiveCfg = Release|Any CPU
		{6208832E-9F8D-4708-940F-CD90FBDA197C}.Release|x64.Build.0 = Release|Any CPU
		{6208832E-9F8D-4708-940F-CD90FBDA197C}.Release|x86.ActiveCfg = Release|Any CPU
		{6208832E-9F8D-4708-940F-CD90FBDA197C}.Release|x86.Build.0 = Release|Any CPU
		{22CB97D3-979F-4DD7-B309-3028FC1A3C04}.Debug|Any CPU.ActiveCfg = Debug|Any CPU
		{22CB97D3-979F-4DD7-B309-3028FC1A3C04}.Debug|Any CPU.Build.0 = Debug|Any CPU
		{22CB97D3-979F-4DD7-B309-3028FC1A3C04}.Debug|x64.ActiveCfg = Debug|Any CPU
		{22CB97D3-979F-4DD7-B309-3028FC1A3C04}.Debug|x64.Build.0 = Debug|Any CPU
		{22CB97D3-979F-4DD7-B309-3028FC1A3C04}.Debug|x86.ActiveCfg = Debug|Any CPU
		{22CB97D3-979F-4DD7-B309-3028FC1A3C04}.Debug|x86.Build.0 = Debug|Any CPU
		{22CB97D3-979F-4DD7-B309-3028FC1A3C04}.Release|Any CPU.ActiveCfg = Release|Any CPU
		{22CB97D3-979F-4DD7-B309-3028FC1A3C04}.Release|Any CPU.Build.0 = Release|Any CPU
		{22CB97D3-979F-4DD7-B309-3028FC1A3C04}.Release|x64.ActiveCfg = Release|Any CPU
		{22CB97D3-979F-4DD7-B309-3028FC1A3C04}.Release|x64.Build.0 = Release|Any CPU
		{22CB97D3-979F-4DD7-B309-3028FC1A3C04}.Release|x86.ActiveCfg = Release|Any CPU
		{22CB97D3-979F-4DD7-B309-3028FC1A3C04}.Release|x86.Build.0 = Release|Any CPU
		{7D842143-69E1-4779-8761-FDA9C02BB99D}.Debug|Any CPU.ActiveCfg = Debug|Any CPU
		{7D842143-69E1-4779-8761-FDA9C02BB99D}.Debug|Any CPU.Build.0 = Debug|Any CPU
		{7D842143-69E1-4779-8761-FDA9C02BB99D}.Debug|x64.ActiveCfg = Debug|Any CPU
		{7D842143-69E1-4779-8761-FDA9C02BB99D}.Debug|x64.Build.0 = Debug|Any CPU
		{7D842143-69E1-4779-8761-FDA9C02BB99D}.Debug|x86.ActiveCfg = Debug|Any CPU
		{7D842143-69E1-4779-8761-FDA9C02BB99D}.Debug|x86.Build.0 = Debug|Any CPU
		{7D842143-69E1-4779-8761-FDA9C02BB99D}.Release|Any CPU.ActiveCfg = Release|Any CPU
		{7D842143-69E1-4779-8761-FDA9C02BB99D}.Release|Any CPU.Build.0 = Release|Any CPU
		{7D842143-69E1-4779-8761-FDA9C02BB99D}.Release|x64.ActiveCfg = Release|Any CPU
		{7D842143-69E1-4779-8761-FDA9C02BB99D}.Release|x64.Build.0 = Release|Any CPU
		{7D842143-69E1-4779-8761-FDA9C02BB99D}.Release|x86.ActiveCfg = Release|Any CPU
		{7D842143-69E1-4779-8761-FDA9C02BB99D}.Release|x86.Build.0 = Release|Any CPU
		{E5DC8F35-32E5-446A-B6F6-E26BA5A2B2F8}.Debug|Any CPU.ActiveCfg = Debug|Any CPU
		{E5DC8F35-32E5-446A-B6F6-E26BA5A2B2F8}.Debug|Any CPU.Build.0 = Debug|Any CPU
		{E5DC8F35-32E5-446A-B6F6-E26BA5A2B2F8}.Debug|x64.ActiveCfg = Debug|Any CPU
		{E5DC8F35-32E5-446A-B6F6-E26BA5A2B2F8}.Debug|x64.Build.0 = Debug|Any CPU
		{E5DC8F35-32E5-446A-B6F6-E26BA5A2B2F8}.Debug|x86.ActiveCfg = Debug|Any CPU
		{E5DC8F35-32E5-446A-B6F6-E26BA5A2B2F8}.Debug|x86.Build.0 = Debug|Any CPU
		{E5DC8F35-32E5-446A-B6F6-E26BA5A2B2F8}.Release|Any CPU.ActiveCfg = Release|Any CPU
		{E5DC8F35-32E5-446A-B6F6-E26BA5A2B2F8}.Release|Any CPU.Build.0 = Release|Any CPU
		{E5DC8F35-32E5-446A-B6F6-E26BA5A2B2F8}.Release|x64.ActiveCfg = Release|Any CPU
		{E5DC8F35-32E5-446A-B6F6-E26BA5A2B2F8}.Release|x64.Build.0 = Release|Any CPU
		{E5DC8F35-32E5-446A-B6F6-E26BA5A2B2F8}.Release|x86.ActiveCfg = Release|Any CPU
		{E5DC8F35-32E5-446A-B6F6-E26BA5A2B2F8}.Release|x86.Build.0 = Release|Any CPU
		{0B496354-933E-4622-A6DF-F9623EF9B506}.Debug|Any CPU.ActiveCfg = Debug|Any CPU
		{0B496354-933E-4622-A6DF-F9623EF9B506}.Debug|Any CPU.Build.0 = Debug|Any CPU
		{0B496354-933E-4622-A6DF-F9623EF9B506}.Debug|x64.ActiveCfg = Debug|Any CPU
		{0B496354-933E-4622-A6DF-F9623EF9B506}.Debug|x64.Build.0 = Debug|Any CPU
		{0B496354-933E-4622-A6DF-F9623EF9B506}.Debug|x86.ActiveCfg = Debug|Any CPU
		{0B496354-933E-4622-A6DF-F9623EF9B506}.Debug|x86.Build.0 = Debug|Any CPU
		{0B496354-933E-4622-A6DF-F9623EF9B506}.Release|Any CPU.ActiveCfg = Release|Any CPU
		{0B496354-933E-4622-A6DF-F9623EF9B506}.Release|Any CPU.Build.0 = Release|Any CPU
		{0B496354-933E-4622-A6DF-F9623EF9B506}.Release|x64.ActiveCfg = Release|Any CPU
		{0B496354-933E-4622-A6DF-F9623EF9B506}.Release|x64.Build.0 = Release|Any CPU
		{0B496354-933E-4622-A6DF-F9623EF9B506}.Release|x86.ActiveCfg = Release|Any CPU
		{0B496354-933E-4622-A6DF-F9623EF9B506}.Release|x86.Build.0 = Release|Any CPU
		{2794A228-E8F8-4656-821C-BFA23667EE0D}.Debug|Any CPU.ActiveCfg = Debug|Any CPU
		{2794A228-E8F8-4656-821C-BFA23667EE0D}.Debug|Any CPU.Build.0 = Debug|Any CPU
		{2794A228-E8F8-4656-821C-BFA23667EE0D}.Debug|x64.ActiveCfg = Debug|Any CPU
		{2794A228-E8F8-4656-821C-BFA23667EE0D}.Debug|x64.Build.0 = Debug|Any CPU
		{2794A228-E8F8-4656-821C-BFA23667EE0D}.Debug|x86.ActiveCfg = Debug|Any CPU
		{2794A228-E8F8-4656-821C-BFA23667EE0D}.Debug|x86.Build.0 = Debug|Any CPU
		{2794A228-E8F8-4656-821C-BFA23667EE0D}.Release|Any CPU.ActiveCfg = Release|Any CPU
		{2794A228-E8F8-4656-821C-BFA23667EE0D}.Release|Any CPU.Build.0 = Release|Any CPU
		{2794A228-E8F8-4656-821C-BFA23667EE0D}.Release|x64.ActiveCfg = Release|Any CPU
		{2794A228-E8F8-4656-821C-BFA23667EE0D}.Release|x64.Build.0 = Release|Any CPU
		{2794A228-E8F8-4656-821C-BFA23667EE0D}.Release|x86.ActiveCfg = Release|Any CPU
		{2794A228-E8F8-4656-821C-BFA23667EE0D}.Release|x86.Build.0 = Release|Any CPU
		{D06E39DA-602F-BDAC-35B3-90C7037F185F}.Debug|Any CPU.ActiveCfg = Debug|Any CPU
		{D06E39DA-602F-BDAC-35B3-90C7037F185F}.Debug|Any CPU.Build.0 = Debug|Any CPU
		{D06E39DA-602F-BDAC-35B3-90C7037F185F}.Debug|x64.ActiveCfg = Debug|Any CPU
		{D06E39DA-602F-BDAC-35B3-90C7037F185F}.Debug|x64.Build.0 = Debug|Any CPU
		{D06E39DA-602F-BDAC-35B3-90C7037F185F}.Debug|x86.ActiveCfg = Debug|Any CPU
		{D06E39DA-602F-BDAC-35B3-90C7037F185F}.Debug|x86.Build.0 = Debug|Any CPU
		{D06E39DA-602F-BDAC-35B3-90C7037F185F}.Release|Any CPU.ActiveCfg = Release|Any CPU
		{D06E39DA-602F-BDAC-35B3-90C7037F185F}.Release|Any CPU.Build.0 = Release|Any CPU
		{D06E39DA-602F-BDAC-35B3-90C7037F185F}.Release|x64.ActiveCfg = Release|Any CPU
		{D06E39DA-602F-BDAC-35B3-90C7037F185F}.Release|x64.Build.0 = Release|Any CPU
		{D06E39DA-602F-BDAC-35B3-90C7037F185F}.Release|x86.ActiveCfg = Release|Any CPU
		{D06E39DA-602F-BDAC-35B3-90C7037F185F}.Release|x86.Build.0 = Release|Any CPU
		{554C0F04-DCA2-65D2-AEED-907F4A536C3E}.Debug|Any CPU.ActiveCfg = Debug|Any CPU
		{554C0F04-DCA2-65D2-AEED-907F4A536C3E}.Debug|Any CPU.Build.0 = Debug|Any CPU
		{554C0F04-DCA2-65D2-AEED-907F4A536C3E}.Debug|x64.ActiveCfg = Debug|Any CPU
		{554C0F04-DCA2-65D2-AEED-907F4A536C3E}.Debug|x64.Build.0 = Debug|Any CPU
		{554C0F04-DCA2-65D2-AEED-907F4A536C3E}.Debug|x86.ActiveCfg = Debug|Any CPU
		{554C0F04-DCA2-65D2-AEED-907F4A536C3E}.Debug|x86.Build.0 = Debug|Any CPU
		{554C0F04-DCA2-65D2-AEED-907F4A536C3E}.Release|Any CPU.ActiveCfg = Release|Any CPU
		{554C0F04-DCA2-65D2-AEED-907F4A536C3E}.Release|Any CPU.Build.0 = Release|Any CPU
		{554C0F04-DCA2-65D2-AEED-907F4A536C3E}.Release|x64.ActiveCfg = Release|Any CPU
		{554C0F04-DCA2-65D2-AEED-907F4A536C3E}.Release|x64.Build.0 = Release|Any CPU
		{554C0F04-DCA2-65D2-AEED-907F4A536C3E}.Release|x86.ActiveCfg = Release|Any CPU
		{554C0F04-DCA2-65D2-AEED-907F4A536C3E}.Release|x86.Build.0 = Release|Any CPU
		{EF36714E-AF06-3658-DCDF-A84E6BE7FFE0}.Debug|Any CPU.ActiveCfg = Debug|Any CPU
		{EF36714E-AF06-3658-DCDF-A84E6BE7FFE0}.Debug|Any CPU.Build.0 = Debug|Any CPU
		{EF36714E-AF06-3658-DCDF-A84E6BE7FFE0}.Debug|x64.ActiveCfg = Debug|Any CPU
		{EF36714E-AF06-3658-DCDF-A84E6BE7FFE0}.Debug|x64.Build.0 = Debug|Any CPU
		{EF36714E-AF06-3658-DCDF-A84E6BE7FFE0}.Debug|x86.ActiveCfg = Debug|Any CPU
		{EF36714E-AF06-3658-DCDF-A84E6BE7FFE0}.Debug|x86.Build.0 = Debug|Any CPU
		{EF36714E-AF06-3658-DCDF-A84E6BE7FFE0}.Release|Any CPU.ActiveCfg = Release|Any CPU
		{EF36714E-AF06-3658-DCDF-A84E6BE7FFE0}.Release|Any CPU.Build.0 = Release|Any CPU
		{EF36714E-AF06-3658-DCDF-A84E6BE7FFE0}.Release|x64.ActiveCfg = Release|Any CPU
		{EF36714E-AF06-3658-DCDF-A84E6BE7FFE0}.Release|x64.Build.0 = Release|Any CPU
		{EF36714E-AF06-3658-DCDF-A84E6BE7FFE0}.Release|x86.ActiveCfg = Release|Any CPU
		{EF36714E-AF06-3658-DCDF-A84E6BE7FFE0}.Release|x86.Build.0 = Release|Any CPU
		{6D34C05A-B551-8649-9A49-E13BCFDDAD21}.Debug|Any CPU.ActiveCfg = Debug|Any CPU
		{6D34C05A-B551-8649-9A49-E13BCFDDAD21}.Debug|Any CPU.Build.0 = Debug|Any CPU
		{6D34C05A-B551-8649-9A49-E13BCFDDAD21}.Debug|x64.ActiveCfg = Debug|Any CPU
		{6D34C05A-B551-8649-9A49-E13BCFDDAD21}.Debug|x64.Build.0 = Debug|Any CPU
		{6D34C05A-B551-8649-9A49-E13BCFDDAD21}.Debug|x86.ActiveCfg = Debug|Any CPU
		{6D34C05A-B551-8649-9A49-E13BCFDDAD21}.Debug|x86.Build.0 = Debug|Any CPU
		{6D34C05A-B551-8649-9A49-E13BCFDDAD21}.Release|Any CPU.ActiveCfg = Release|Any CPU
		{6D34C05A-B551-8649-9A49-E13BCFDDAD21}.Release|Any CPU.Build.0 = Release|Any CPU
		{6D34C05A-B551-8649-9A49-E13BCFDDAD21}.Release|x64.ActiveCfg = Release|Any CPU
		{6D34C05A-B551-8649-9A49-E13BCFDDAD21}.Release|x64.Build.0 = Release|Any CPU
		{6D34C05A-B551-8649-9A49-E13BCFDDAD21}.Release|x86.ActiveCfg = Release|Any CPU
		{6D34C05A-B551-8649-9A49-E13BCFDDAD21}.Release|x86.Build.0 = Release|Any CPU
	EndGlobalSection
	GlobalSection(SolutionProperties) = preSolution
		HideSolutionNode = FALSE
	EndGlobalSection
	GlobalSection(ExtensibilityGlobals) = postSolution
		SolutionGuid = {9D621EA3-8733-4742-9AA4-600341BB067E}
	EndGlobalSection
EndGlobal
